// !$*UTF8*$!
{
	archiveVersion = 1;
	classes = {
	};
	objectVersion = 46;
	objects = {

/* Begin PBXBuildFile section */
		E6265C69163F89D500CFD722 /* syz.mp4 in Resources */ = {isa = PBXBuildFile; fileRef = E6265C68163F89D500CFD722 /* syz.mp4 */; };
		E62861881709616D00A81160 /* test.ts in Resources */ = {isa = PBXBuildFile; fileRef = E62861871709616D00A81160 /* test.ts */; };
		F28697D0163CD51100DE98BC /* UIKit.framework in Frameworks */ = {isa = PBXBuildFile; fileRef = F28697CF163CD51100DE98BC /* UIKit.framework */; };
		F28697D2163CD51100DE98BC /* Foundation.framework in Frameworks */ = {isa = PBXBuildFile; fileRef = F28697D1163CD51100DE98BC /* Foundation.framework */; };
		F28697D8163CD51100DE98BC /* InfoPlist.strings in Resources */ = {isa = PBXBuildFile; fileRef = F28697D6163CD51100DE98BC /* InfoPlist.strings */; };
		F28697DA163CD51100DE98BC /* main.m in Sources */ = {isa = PBXBuildFile; fileRef = F28697D9163CD51100DE98BC /* main.m */; };
		F28697DE163CD51100DE98BC /* AmakerAppDelegate.m in Sources */ = {isa = PBXBuildFile; fileRef = F28697DD163CD51100DE98BC /* AmakerAppDelegate.m */; };
		F28697E1163CD51100DE98BC /* AmakerViewController.m in Sources */ = {isa = PBXBuildFile; fileRef = F28697E0163CD51100DE98BC /* AmakerViewController.m */; };
		F28697E4163CD51100DE98BC /* AmakerViewController.xib in Resources */ = {isa = PBXBuildFile; fileRef = F28697E2163CD51100DE98BC /* AmakerViewController.xib */; };
		F28697EB163CD59100DE98BC /* MediaPlayer.framework in Frameworks */ = {isa = PBXBuildFile; fileRef = F28697EA163CD59100DE98BC /* MediaPlayer.framework */; };
/* End PBXBuildFile section */

/* Begin PBXFileReference section */
		E6265C68163F89D500CFD722 /* syz.mp4 */ = {isa = PBXFileReference; lastKnownFileType = file; path = syz.mp4; sourceTree = "<group>"; };
		E62861871709616D00A81160 /* test.ts */ = {isa = PBXFileReference; lastKnownFileType = file; name = test.ts; path = ../test.ts; sourceTree = "<group>"; };
		F28697CB163CD51100DE98BC /* chapter21-06.app */ = {isa = PBXFileReference; explicitFileType = wrapper.application; includeInIndex = 0; path = "chapter21-06.app"; sourceTree = BUILT_PRODUCTS_DIR; };
		F28697CF163CD51100DE98BC /* UIKit.framework */ = {isa = PBXFileReference; lastKnownFileType = wrapper.framework; name = UIKit.framework; path = System/Library/Frameworks/UIKit.framework; sourceTree = SDKROOT; };
		F28697D1163CD51100DE98BC /* Foundation.framework */ = {isa = PBXFileReference; lastKnownFileType = wrapper.framework; name = Foundation.framework; path = System/Library/Frameworks/Foundation.framework; sourceTree = SDKROOT; };
		F28697D5163CD51100DE98BC /* chapter21-06-Info.plist */ = {isa = PBXFileReference; lastKnownFileType = text.plist.xml; path = "chapter21-06-Info.plist"; sourceTree = "<group>"; };
		F28697D7163CD51100DE98BC /* en */ = {isa = PBXFileReference; lastKnownFileType = text.plist.strings; name = en; path = en.lproj/InfoPlist.strings; sourceTree = "<group>"; };
		F28697D9163CD51100DE98BC /* main.m */ = {isa = PBXFileReference; lastKnownFileType = sourcecode.c.objc; path = main.m; sourceTree = "<group>"; };
		F28697DB163CD51100DE98BC /* chapter21-06-Prefix.pch */ = {isa = PBXFileReference; lastKnownFileType = sourcecode.c.h; path = "chapter21-06-Prefix.pch"; sourceTree = "<group>"; };
		F28697DC163CD51100DE98BC /* AmakerAppDelegate.h */ = {isa = PBXFileReference; lastKnownFileType = sourcecode.c.h; path = AmakerAppDelegate.h; sourceTree = "<group>"; };
		F28697DD163CD51100DE98BC /* AmakerAppDelegate.m */ = {isa = PBXFileReference; lastKnownFileType = sourcecode.c.objc; path = AmakerAppDelegate.m; sourceTree = "<group>"; };
		F28697DF163CD51100DE98BC /* AmakerViewController.h */ = {isa = PBXFileReference; lastKnownFileType = sourcecode.c.h; path = AmakerViewController.h; sourceTree = "<group>"; };
		F28697E0163CD51100DE98BC /* AmakerViewController.m */ = {isa = PBXFileReference; lastKnownFileType = sourcecode.c.objc; path = AmakerViewController.m; sourceTree = "<group>"; };
		F28697E3163CD51100DE98BC /* en */ = {isa = PBXFileReference; lastKnownFileType = file.xib; name = en; path = en.lproj/AmakerViewController.xib; sourceTree = "<group>"; };
		F28697EA163CD59100DE98BC /* MediaPlayer.framework */ = {isa = PBXFileReference; lastKnownFileType = wrapper.framework; name = MediaPlayer.framework; path = System/Library/Frameworks/MediaPlayer.framework; sourceTree = SDKROOT; };
/* End PBXFileReference section */

/* Begin PBXFrameworksBuildPhase section */
		F28697C8163CD51100DE98BC /* Frameworks */ = {
			isa = PBXFrameworksBuildPhase;
			buildActionMask = 2147483647;
			files = (
				F28697EB163CD59100DE98BC /* MediaPlayer.framework in Frameworks */,
				F28697D0163CD51100DE98BC /* UIKit.framework in Frameworks */,
				F28697D2163CD51100DE98BC /* Foundation.framework in Frameworks */,
			);
			runOnlyForDeploymentPostprocessing = 0;
		};
/* End PBXFrameworksBuildPhase section */

/* Begin PBXGroup section */
		F28697C0163CD51100DE98BC = {
			isa = PBXGroup;
			children = (
				F28697D3163CD51100DE98BC /* MultiMedia_Video */,
				F28697CE163CD51100DE98BC /* Frameworks */,
				F28697CC163CD51100DE98BC /* Products */,
			);
			sourceTree = "<group>";
		};
		F28697CC163CD51100DE98BC /* Products */ = {
			isa = PBXGroup;
			children = (
				F28697CB163CD51100DE98BC /* chapter21-06.app */,
			);
			name = Products;
			sourceTree = "<group>";
		};
		F28697CE163CD51100DE98BC /* Frameworks */ = {
			isa = PBXGroup;
			children = (
				F28697EA163CD59100DE98BC /* MediaPlayer.framework */,
				F28697CF163CD51100DE98BC /* UIKit.framework */,
				F28697D1163CD51100DE98BC /* Foundation.framework */,
			);
			name = Frameworks;
			sourceTree = "<group>";
		};
		F28697D3163CD51100DE98BC /* MultiMedia_Video */ = {
			isa = PBXGroup;
			children = (
				F28697DC163CD51100DE98BC /* AmakerAppDelegate.h */,
				F28697DD163CD51100DE98BC /* AmakerAppDelegate.m */,
				F28697DF163CD51100DE98BC /* AmakerViewController.h */,
				F28697E0163CD51100DE98BC /* AmakerViewController.m */,
				F28697E2163CD51100DE98BC /* AmakerViewController.xib */,
				F28697D4163CD51100DE98BC /* Supporting Files */,
			);
			path = MultiMedia_Video;
			sourceTree = "<group>";
		};
		F28697D4163CD51100DE98BC /* Supporting Files */ = {
			isa = PBXGroup;
			children = (
				E62861871709616D00A81160 /* test.ts */,
				E6265C68163F89D500CFD722 /* syz.mp4 */,
				F28697D5163CD51100DE98BC /* chapter21-06-Info.plist */,
				F28697D6163CD51100DE98BC /* InfoPlist.strings */,
				F28697D9163CD51100DE98BC /* main.m */,
				F28697DB163CD51100DE98BC /* chapter21-06-Prefix.pch */,
			);
			name = "Supporting Files";
			sourceTree = "<group>";
		};
/* End PBXGroup section */

/* Begin PBXNativeTarget section */
		F28697CA163CD51100DE98BC /* chapter21-06 */ = {
			isa = PBXNativeTarget;
			buildConfigurationList = F28697E7163CD51100DE98BC /* Build configuration list for PBXNativeTarget "chapter21-06" */;
			buildPhases = (
				F28697C7163CD51100DE98BC /* Sources */,
				F28697C8163CD51100DE98BC /* Frameworks */,
				F28697C9163CD51100DE98BC /* Resources */,
			);
			buildRules = (
			);
			dependencies = (
			);
			name = "chapter21-06";
			productName = MultiMedia_Video;
			productReference = F28697CB163CD51100DE98BC /* chapter21-06.app */;
			productType = "com.apple.product-type.application";
		};
/* End PBXNativeTarget section */

/* Begin PBXProject section */
		F28697C2163CD51100DE98BC /* Project object */ = {
			isa = PBXProject;
			attributes = {
				LastUpgradeCheck = 0420;
			};
			buildConfigurationList = F28697C5163CD51100DE98BC /* Build configuration list for PBXProject "chapter21-06" */;
			compatibilityVersion = "Xcode 3.2";
			developmentRegion = English;
			hasScannedForEncodings = 0;
			knownRegions = (
				en,
			);
			mainGroup = F28697C0163CD51100DE98BC;
			productRefGroup = F28697CC163CD51100DE98BC /* Products */;
			projectDirPath = "";
			projectRoot = "";
			targets = (
				F28697CA163CD51100DE98BC /* chapter21-06 */,
			);
		};
/* End PBXProject section */

/* Begin PBXResourcesBuildPhase section */
		F28697C9163CD51100DE98BC /* Resources */ = {
			isa = PBXResourcesBuildPhase;
			buildActionMask = 2147483647;
			files = (
				F28697D8163CD51100DE98BC /* InfoPlist.strings in Resources */,
				F28697E4163CD51100DE98BC /* AmakerViewController.xib in Resources */,
				E6265C69163F89D500CFD722 /* syz.mp4 in Resources */,
				E62861881709616D00A81160 /* test.ts in Resources */,
			);
			runOnlyForDeploymentPostprocessing = 0;
		};
/* End PBXResourcesBuildPhase section */

/* Begin PBXSourcesBuildPhase section */
		F28697C7163CD51100DE98BC /* Sources */ = {
			isa = PBXSourcesBuildPhase;
			buildActionMask = 2147483647;
			files = (
				F28697DA163CD51100DE98BC /* main.m in Sources */,
				F28697DE163CD51100DE98BC /* AmakerAppDelegate.m in Sources */,
				F28697E1163CD51100DE98BC /* AmakerViewController.m in Sources */,
			);
			runOnlyForDeploymentPostprocessing = 0;
		};
/* End PBXSourcesBuildPhase section */

/* Begin PBXVariantGroup section */
		F28697D6163CD51100DE98BC /* InfoPlist.strings */ = {
			isa = PBXVariantGroup;
			children = (
				F28697D7163CD51100DE98BC /* en */,
			);
			name = InfoPlist.strings;
			sourceTree = "<group>";
		};
		F28697E2163CD51100DE98BC /* AmakerViewController.xib */ = {
			isa = PBXVariantGroup;
			children = (
				F28697E3163CD51100DE98BC /* en */,
			);
			name = AmakerViewController.xib;
			sourceTree = "<group>";
		};
/* End PBXVariantGroup section */

/* Begin XCBuildConfiguration section */
		F28697E5163CD51100DE98BC /* Debug */ = {
			isa = XCBuildConfiguration;
			buildSettings = {
				ALWAYS_SEARCH_USER_PATHS = NO;
				ARCHS = "$(ARCHS_STANDARD_32_BIT)";
				CLANG_ENABLE_OBJC_ARC = YES;
				"CODE_SIGN_IDENTITY[sdk=iphoneos*]" = "iPhone Developer";
				COPY_PHASE_STRIP = NO;
				GCC_C_LANGUAGE_STANDARD = gnu99;
				GCC_DYNAMIC_NO_PIC = NO;
				GCC_OPTIMIZATION_LEVEL = 0;
				GCC_PREPROCESSOR_DEFINITIONS = (
					"DEBUG=1",
					"$(inherited)",
				);
				GCC_SYMBOLS_PRIVATE_EXTERN = NO;
				GCC_VERSION = com.apple.compilers.llvm.clang.1_0;
				GCC_WARN_ABOUT_MISSING_PROTOTYPES = YES;
				GCC_WARN_ABOUT_RETURN_TYPE = YES;
				GCC_WARN_UNUSED_VARIABLE = YES;
				IPHONEOS_DEPLOYMENT_TARGET = 5.0;
				SDKROOT = iphoneos;
			};
			name = Debug;
		};
		F28697E6163CD51100DE98BC /* Release */ = {
			isa = XCBuildConfiguration;
			buildSettings = {
				ALWAYS_SEARCH_USER_PATHS = NO;
				ARCHS = "$(ARCHS_STANDARD_32_BIT)";
				CLANG_ENABLE_OBJC_ARC = YES;
				"CODE_SIGN_IDENTITY[sdk=iphoneos*]" = "iPhone Developer";
				COPY_PHASE_STRIP = YES;
				GCC_C_LANGUAGE_STANDARD = gnu99;
				GCC_VERSION = com.apple.compilers.llvm.clang.1_0;
				GCC_WARN_ABOUT_MISSING_PROTOTYPES = YES;
				GCC_WARN_ABOUT_RETURN_TYPE = YES;
				GCC_WARN_UNUSED_VARIABLE = YES;
				IPHONEOS_DEPLOYMENT_TARGET = 5.0;
				OTHER_CFLAGS = "-DNS_BLOCK_ASSERTIONS=1";
				SDKROOT = iphoneos;
				VALIDATE_PRODUCT = YES;
			};
			name = Release;
		};
		F28697E8163CD51100DE98BC /* Debug */ = {
			isa = XCBuildConfiguration;
			buildSettings = {
				GCC_PRECOMPILE_PREFIX_HEADER = YES;
				GCC_PREFIX_HEADER = "MultiMedia_Video/chapter21-06-Prefix.pch";
				INFOPLIST_FILE = "MultiMedia_Video/chapter21-06-Info.plist";
				PRODUCT_NAME = "chapter21-06";
				WRAPPER_EXTENSION = app;
			};
			name = Debug;
		};
		F28697E9163CD51100DE98BC /* Release */ = {
			isa = XCBuildConfiguration;
			buildSettings = {
				GCC_PRECOMPILE_PREFIX_HEADER = YES;
				GCC_PREFIX_HEADER = "MultiMedia_Video/chapter21-06-Prefix.pch";
				INFOPLIST_FILE = "MultiMedia_Video/chapter21-06-Info.plist";
				PRODUCT_NAME = "chapter21-06";
				WRAPPER_EXTENSION = app;
			};
			name = Release;
		};
/* End XCBuildConfiguration section */

/* Begin XCConfigurationList section */
		F28697C5163CD51100DE98BC /* Build configuration list for PBXProject "chapter21-06" */ = {
			isa = XCConfigurationList;
			buildConfigurations = (
				F28697E5163CD51100DE98BC /* Debug */,
				F28697E6163CD51100DE98BC /* Release */,
			);
			defaultConfigurationIsVisible = 0;
			defaultConfigurationName = Release;
		};
		F28697E7163CD51100DE98BC /* Build configuration list for PBXNativeTarget "chapter21-06" */ = {
			isa = XCConfigurationList;
			buildConfigurations = (
				F28697E8163CD51100DE98BC /* Debug */,
				F28697E9163CD51100DE98BC /* Release */,
			);
			defaultConfigurationIsVisible = 0;
			defaultConfigurationName = Release;
		};
/* End XCConfigurationList section */
	};
	rootObject = F28697C2163CD51100DE98BC /* Project object */;
}
