// !$*UTF8*$!
{
	archiveVersion = 1;
	classes = {
	};
	objectVersion = 46;
	objects = {

/* Begin PBXBuildFile section */
		E64C0E42171FA1F600752B1B /* Foundation.framework in Frameworks */ = {isa = PBXBuildFile; fileRef = E64C0E41171FA1F600752B1B /* Foundation.framework */; };
		E64C0E45171FA1F600752B1B /* main.m in Sources */ = {isa = PBXBuildFile; fileRef = E64C0E44171FA1F600752B1B /* main.m */; };
		E64C0E49171FA1F600752B1B /* chapter10_01.1 in CopyFiles */ = {isa = PBXBuildFile; fileRef = E64C0E48171FA1F600752B1B /* chapter10_01.1 */; };
/* End PBXBuildFile section */

/* Begin PBXCopyFilesBuildPhase section */
		E64C0E3C171FA1F600752B1B /* CopyFiles */ = {
			isa = PBXCopyFilesBuildPhase;
			buildActionMask = 2147483647;
			dstPath = /usr/share/man/man1/;
			dstSubfolderSpec = 0;
			files = (
				E64C0E49171FA1F600752B1B /* chapter10_01.1 in CopyFiles */,
			);
			runOnlyForDeploymentPostprocessing = 1;
		};
/* End PBXCopyFilesBuildPhase section */

/* Begin PBXFileReference section */
		E64C0E3E171FA1F600752B1B /* chapter10-01 */ = {isa = PBXFileReference; explicitFileType = "compiled.mach-o.executable"; includeInIndex = 0; path = "chapter10-01"; sourceTree = BUILT_PRODUCTS_DIR; };
		E64C0E41171FA1F600752B1B /* Foundation.framework */ = {isa = PBXFileReference; lastKnownFileType = wrapper.framework; name = Foundation.framework; path = System/Library/Frameworks/Foundation.framework; sourceTree = SDKROOT; };
		E64C0E44171FA1F600752B1B /* main.m */ = {isa = PBXFileReference; lastKnownFileType = sourcecode.c.objc; path = main.m; sourceTree = "<group>"; };
		E64C0E47171FA1F600752B1B /* chapter10-01-Prefix.pch */ = {isa = PBXFileReference; lastKnownFileType = sourcecode.c.h; path = "chapter10-01-Prefix.pch"; sourceTree = "<group>"; };
		E64C0E48171FA1F600752B1B /* chapter10_01.1 */ = {isa = PBXFileReference; lastKnownFileType = text.man; path = chapter10_01.1; sourceTree = "<group>"; };
/* End PBXFileReference section */

/* Begin PBXFrameworksBuildPhase section */
		E64C0E3B171FA1F600752B1B /* Frameworks */ = {
			isa = PBXFrameworksBuildPhase;
			buildActionMask = 2147483647;
			files = (
				E64C0E42171FA1F600752B1B /* Foundation.framework in Frameworks */,
			);
			runOnlyForDeploymentPostprocessing = 0;
		};
/* End PBXFrameworksBuildPhase section */

/* Begin PBXGroup section */
		E64C0E35171FA1F600752B1B = {
			isa = PBXGroup;
			children = (
				E64C0E43171FA1F600752B1B /* chapter10-01 */,
				E64C0E40171FA1F600752B1B /* Frameworks */,
				E64C0E3F171FA1F600752B1B /* Products */,
			);
			sourceTree = "<group>";
		};
		E64C0E3F171FA1F600752B1B /* Products */ = {
			isa = PBXGroup;
			children = (
				E64C0E3E171FA1F600752B1B /* chapter10-01 */,
			);
			name = Products;
			sourceTree = "<group>";
		};
		E64C0E40171FA1F600752B1B /* Frameworks */ = {
			isa = PBXGroup;
			children = (
				E64C0E41171FA1F600752B1B /* Foundation.framework */,
			);
			name = Frameworks;
			sourceTree = "<group>";
		};
		E64C0E43171FA1F600752B1B /* chapter10-01 */ = {
			isa = PBXGroup;
			children = (
				E64C0E44171FA1F600752B1B /* main.m */,
				E64C0E48171FA1F600752B1B /* chapter10_01.1 */,
				E64C0E46171FA1F600752B1B /* Supporting Files */,
			);
			path = "chapter10-01";
			sourceTree = "<group>";
		};
		E64C0E46171FA1F600752B1B /* Supporting Files */ = {
			isa = PBXGroup;
			children = (
				E64C0E47171FA1F600752B1B /* chapter10-01-Prefix.pch */,
			);
			name = "Supporting Files";
			sourceTree = "<group>";
		};
/* End PBXGroup section */

/* Begin PBXNativeTarget section */
		E64C0E3D171FA1F600752B1B /* chapter10-01 */ = {
			isa = PBXNativeTarget;
			buildConfigurationList = E64C0E4C171FA1F600752B1B /* Build configuration list for PBXNativeTarget "chapter10-01" */;
			buildPhases = (
				E64C0E3A171FA1F600752B1B /* Sources */,
				E64C0E3B171FA1F600752B1B /* Frameworks */,
				E64C0E3C171FA1F600752B1B /* CopyFiles */,
			);
			buildRules = (
			);
			dependencies = (
			);
			name = "chapter10-01";
			productName = "chapter10-01";
			productReference = E64C0E3E171FA1F600752B1B /* chapter10-01 */;
			productType = "com.apple.product-type.tool";
		};
/* End PBXNativeTarget section */

/* Begin PBXProject section */
		E64C0E36171FA1F600752B1B /* Project object */ = {
			isa = PBXProject;
			attributes = {
				LastUpgradeCheck = 0460;
				ORGANIZATIONNAME = amaker;
			};
			buildConfigurationList = E64C0E39171FA1F600752B1B /* Build configuration list for PBXProject "chapter10-01" */;
			compatibilityVersion = "Xcode 3.2";
			developmentRegion = English;
			hasScannedForEncodings = 0;
			knownRegions = (
				en,
			);
			mainGroup = E64C0E35171FA1F600752B1B;
			productRefGroup = E64C0E3F171FA1F600752B1B /* Products */;
			projectDirPath = "";
			projectRoot = "";
			targets = (
				E64C0E3D171FA1F600752B1B /* chapter10-01 */,
			);
		};
/* End PBXProject section */

/* Begin PBXSourcesBuildPhase section */
		E64C0E3A171FA1F600752B1B /* Sources */ = {
			isa = PBXSourcesBuildPhase;
			buildActionMask = 2147483647;
			files = (
				E64C0E45171FA1F600752B1B /* main.m in Sources */,
			);
			runOnlyForDeploymentPostprocessing = 0;
		};
/* End PBXSourcesBuildPhase section */

/* Begin XCBuildConfiguration section */
		E64C0E4A171FA1F600752B1B /* Debug */ = {
			isa = XCBuildConfiguration;
			buildSettings = {
				ALWAYS_SEARCH_USER_PATHS = NO;
				ARCHS = "$(ARCHS_STANDARD_64_BIT)";
				CLANG_CXX_LANGUAGE_STANDARD = "gnu++0x";
				CLANG_CXX_LIBRARY = "libc++";
				CLANG_ENABLE_OBJC_ARC = YES;
				CLANG_WARN_CONSTANT_CONVERSION = YES;
				CLANG_WARN_EMPTY_BODY = YES;
				CLANG_WARN_ENUM_CONVERSION = YES;
				CLANG_WARN_INT_CONVERSION = YES;
				CLANG_WARN__DUPLICATE_METHOD_MATCH = YES;
				COPY_PHASE_STRIP = NO;
				GCC_C_LANGUAGE_STANDARD = gnu99;
				GCC_DYNAMIC_NO_PIC = NO;
				GCC_ENABLE_OBJC_EXCEPTIONS = YES;
				GCC_OPTIMIZATION_LEVEL = 0;
				GCC_PREPROCESSOR_DEFINITIONS = (
					"DEBUG=1",
					"$(inherited)",
				);
				GCC_SYMBOLS_PRIVATE_EXTERN = NO;
				GCC_WARN_64_TO_32_BIT_CONVERSION = YES;
				GCC_WARN_ABOUT_RETURN_TYPE = YES;
				GCC_WARN_UNINITIALIZED_AUTOS = YES;
				GCC_WARN_UNUSED_VARIABLE = YES;
				MACOSX_DEPLOYMENT_TARGET = 10.8;
				ONLY_ACTIVE_ARCH = YES;
				SDKROOT = macosx;
			};
			name = Debug;
		};
		E64C0E4B171FA1F600752B1B /* Release */ = {
			isa = XCBuildConfiguration;
			buildSettings = {
				ALWAYS_SEARCH_USER_PATHS = NO;
				ARCHS = "$(ARCHS_STANDARD_64_BIT)";
				CLANG_CXX_LANGUAGE_STANDARD = "gnu++0x";
				CLANG_CXX_LIBRARY = "libc++";
				CLANG_ENABLE_OBJC_ARC = YES;
				CLANG_WARN_CONSTANT_CONVERSION = YES;
				CLANG_WARN_EMPTY_BODY = YES;
				CLANG_WARN_ENUM_CONVERSION = YES;
				CLANG_WARN_INT_CONVERSION = YES;
				CLANG_WARN__DUPLICATE_METHOD_MATCH = YES;
				COPY_PHASE_STRIP = YES;
				DEBUG_INFORMATION_FORMAT = "dwarf-with-dsym";
				GCC_C_LANGUAGE_STANDARD = gnu99;
				GCC_ENABLE_OBJC_EXCEPTIONS = YES;
				GCC_WARN_64_TO_32_BIT_CONVERSION = YES;
				GCC_WARN_ABOUT_RETURN_TYPE = YES;
				GCC_WARN_UNINITIALIZED_AUTOS = YES;
				GCC_WARN_UNUSED_VARIABLE = YES;
				MACOSX_DEPLOYMENT_TARGET = 10.8;
				SDKROOT = macosx;
			};
			name = Release;
		};
		E64C0E4D171FA1F600752B1B /* Debug */ = {
			isa = XCBuildConfiguration;
			buildSettings = {
				GCC_PRECOMPILE_PREFIX_HEADER = YES;
				GCC_PREFIX_HEADER = "chapter10-01/chapter10-01-Prefix.pch";
				PRODUCT_NAME = "$(TARGET_NAME)";
			};
			name = Debug;
		};
		E64C0E4E171FA1F600752B1B /* Release */ = {
			isa = XCBuildConfiguration;
			buildSettings = {
				GCC_PRECOMPILE_PREFIX_HEADER = YES;
				GCC_PREFIX_HEADER = "chapter10-01/chapter10-01-Prefix.pch";
				PRODUCT_NAME = "$(TARGET_NAME)";
			};
			name = Release;
		};
/* End XCBuildConfiguration section */

/* Begin XCConfigurationList section */
		E64C0E39171FA1F600752B1B /* Build configuration list for PBXProject "chapter10-01" */ = {
			isa = XCConfigurationList;
			buildConfigurations = (
				E64C0E4A171FA1F600752B1B /* Debug */,
				E64C0E4B171FA1F600752B1B /* Release */,
			);
			defaultConfigurationIsVisible = 0;
			defaultConfigurationName = Release;
		};
		E64C0E4C171FA1F600752B1B /* Build configuration list for PBXNativeTarget "chapter10-01" */ = {
			isa = XCConfigurationList;
			buildConfigurations = (
				E64C0E4D171FA1F600752B1B /* Debug */,
				E64C0E4E171FA1F600752B1B /* Release */,
			);
			defaultConfigurationIsVisible = 0;
		};
/* End XCConfigurationList section */
	};
	rootObject = E64C0E36171FA1F600752B1B /* Project object */;
}
