// !$*UTF8*$!
{
	archiveVersion = 1;
	classes = {
	};
	objectVersion = 46;
	objects = {

/* Begin PBXBuildFile section */
		F288C52A163A2ADD00B3C451 /* UIKit.framework in Frameworks */ = {isa = PBXBuildFile; fileRef = F288C529163A2ADD00B3C451 /* UIKit.framework */; };
		F288C52C163A2ADD00B3C451 /* Foundation.framework in Frameworks */ = {isa = PBXBuildFile; fileRef = F288C52B163A2ADD00B3C451 /* Foundation.framework */; };
		F288C532163A2ADD00B3C451 /* InfoPlist.strings in Resources */ = {isa = PBXBuildFile; fileRef = F288C530163A2ADD00B3C451 /* InfoPlist.strings */; };
		F288C534163A2ADD00B3C451 /* main.m in Sources */ = {isa = PBXBuildFile; fileRef = F288C533163A2ADD00B3C451 /* main.m */; };
		F288C538163A2ADD00B3C451 /* AmakerAppDelegate.m in Sources */ = {isa = PBXBuildFile; fileRef = F288C537163A2ADD00B3C451 /* AmakerAppDelegate.m */; };
		F288C53B163A2ADD00B3C451 /* AmakerViewController.m in Sources */ = {isa = PBXBuildFile; fileRef = F288C53A163A2ADD00B3C451 /* AmakerViewController.m */; };
		F288C53E163A2ADD00B3C451 /* AmakerViewController.xib in Resources */ = {isa = PBXBuildFile; fileRef = F288C53C163A2ADD00B3C451 /* AmakerViewController.xib */; };
		F288C545163A2C9600B3C451 /* libsqlite3.dylib in Frameworks */ = {isa = PBXBuildFile; fileRef = F288C544163A2C9600B3C451 /* libsqlite3.dylib */; };
		F288C548163A2D6000B3C451 /* DbUtil.m in Sources */ = {isa = PBXBuildFile; fileRef = F288C547163A2D6000B3C451 /* DbUtil.m */; };
		F288C54B163A2DA100B3C451 /* Person.m in Sources */ = {isa = PBXBuildFile; fileRef = F288C54A163A2DA100B3C451 /* Person.m */; };
/* End PBXBuildFile section */

/* Begin PBXFileReference section */
		F288C525163A2ADD00B3C451 /* chapter22-01.app */ = {isa = PBXFileReference; explicitFileType = wrapper.application; includeInIndex = 0; path = "chapter22-01.app"; sourceTree = BUILT_PRODUCTS_DIR; };
		F288C529163A2ADD00B3C451 /* UIKit.framework */ = {isa = PBXFileReference; lastKnownFileType = wrapper.framework; name = UIKit.framework; path = System/Library/Frameworks/UIKit.framework; sourceTree = SDKROOT; };
		F288C52B163A2ADD00B3C451 /* Foundation.framework */ = {isa = PBXFileReference; lastKnownFileType = wrapper.framework; name = Foundation.framework; path = System/Library/Frameworks/Foundation.framework; sourceTree = SDKROOT; };
		F288C52F163A2ADD00B3C451 /* chapter22-01-Info.plist */ = {isa = PBXFileReference; lastKnownFileType = text.plist.xml; path = "chapter22-01-Info.plist"; sourceTree = "<group>"; };
		F288C531163A2ADD00B3C451 /* en */ = {isa = PBXFileReference; lastKnownFileType = text.plist.strings; name = en; path = en.lproj/InfoPlist.strings; sourceTree = "<group>"; };
		F288C533163A2ADD00B3C451 /* main.m */ = {isa = PBXFileReference; lastKnownFileType = sourcecode.c.objc; path = main.m; sourceTree = "<group>"; };
		F288C535163A2ADD00B3C451 /* chapter22-01-Prefix.pch */ = {isa = PBXFileReference; lastKnownFileType = sourcecode.c.h; path = "chapter22-01-Prefix.pch"; sourceTree = "<group>"; };
		F288C536163A2ADD00B3C451 /* AmakerAppDelegate.h */ = {isa = PBXFileReference; lastKnownFileType = sourcecode.c.h; path = AmakerAppDelegate.h; sourceTree = "<group>"; };
		F288C537163A2ADD00B3C451 /* AmakerAppDelegate.m */ = {isa = PBXFileReference; lastKnownFileType = sourcecode.c.objc; path = AmakerAppDelegate.m; sourceTree = "<group>"; };
		F288C539163A2ADD00B3C451 /* AmakerViewController.h */ = {isa = PBXFileReference; lastKnownFileType = sourcecode.c.h; path = AmakerViewController.h; sourceTree = "<group>"; };
		F288C53A163A2ADD00B3C451 /* AmakerViewController.m */ = {isa = PBXFileReference; lastKnownFileType = sourcecode.c.objc; path = AmakerViewController.m; sourceTree = "<group>"; };
		F288C53D163A2ADD00B3C451 /* en */ = {isa = PBXFileReference; lastKnownFileType = file.xib; name = en; path = en.lproj/AmakerViewController.xib; sourceTree = "<group>"; };
		F288C544163A2C9600B3C451 /* libsqlite3.dylib */ = {isa = PBXFileReference; lastKnownFileType = "compiled.mach-o.dylib"; name = libsqlite3.dylib; path = usr/lib/libsqlite3.dylib; sourceTree = SDKROOT; };
		F288C546163A2D5F00B3C451 /* DbUtil.h */ = {isa = PBXFileReference; fileEncoding = 4; lastKnownFileType = sourcecode.c.h; path = DbUtil.h; sourceTree = "<group>"; };
		F288C547163A2D6000B3C451 /* DbUtil.m */ = {isa = PBXFileReference; fileEncoding = 4; lastKnownFileType = sourcecode.c.objc; path = DbUtil.m; sourceTree = "<group>"; };
		F288C549163A2DA100B3C451 /* Person.h */ = {isa = PBXFileReference; fileEncoding = 4; lastKnownFileType = sourcecode.c.h; path = Person.h; sourceTree = "<group>"; };
		F288C54A163A2DA100B3C451 /* Person.m */ = {isa = PBXFileReference; fileEncoding = 4; lastKnownFileType = sourcecode.c.objc; path = Person.m; sourceTree = "<group>"; };
/* End PBXFileReference section */

/* Begin PBXFrameworksBuildPhase section */
		F288C522163A2ADD00B3C451 /* Frameworks */ = {
			isa = PBXFrameworksBuildPhase;
			buildActionMask = 2147483647;
			files = (
				F288C545163A2C9600B3C451 /* libsqlite3.dylib in Frameworks */,
				F288C52A163A2ADD00B3C451 /* UIKit.framework in Frameworks */,
				F288C52C163A2ADD00B3C451 /* Foundation.framework in Frameworks */,
			);
			runOnlyForDeploymentPostprocessing = 0;
		};
/* End PBXFrameworksBuildPhase section */

/* Begin PBXGroup section */
		F288C51A163A2ADD00B3C451 = {
			isa = PBXGroup;
			children = (
				F288C52D163A2ADD00B3C451 /* chapter22-01 */,
				F288C528163A2ADD00B3C451 /* Frameworks */,
				F288C526163A2ADD00B3C451 /* Products */,
			);
			sourceTree = "<group>";
		};
		F288C526163A2ADD00B3C451 /* Products */ = {
			isa = PBXGroup;
			children = (
				F288C525163A2ADD00B3C451 /* chapter22-01.app */,
			);
			name = Products;
			sourceTree = "<group>";
		};
		F288C528163A2ADD00B3C451 /* Frameworks */ = {
			isa = PBXGroup;
			children = (
				F288C544163A2C9600B3C451 /* libsqlite3.dylib */,
				F288C529163A2ADD00B3C451 /* UIKit.framework */,
				F288C52B163A2ADD00B3C451 /* Foundation.framework */,
			);
			name = Frameworks;
			sourceTree = "<group>";
		};
		F288C52D163A2ADD00B3C451 /* chapter22-01 */ = {
			isa = PBXGroup;
			children = (
				F288C536163A2ADD00B3C451 /* AmakerAppDelegate.h */,
				F288C537163A2ADD00B3C451 /* AmakerAppDelegate.m */,
				F288C539163A2ADD00B3C451 /* AmakerViewController.h */,
				F288C53A163A2ADD00B3C451 /* AmakerViewController.m */,
				F288C53C163A2ADD00B3C451 /* AmakerViewController.xib */,
				F288C52E163A2ADD00B3C451 /* Supporting Files */,
				F288C546163A2D5F00B3C451 /* DbUtil.h */,
				F288C547163A2D6000B3C451 /* DbUtil.m */,
				F288C549163A2DA100B3C451 /* Person.h */,
				F288C54A163A2DA100B3C451 /* Person.m */,
			);
			name = "chapter22-01";
			path = "DataStore03-sqlite";
			sourceTree = "<group>";
		};
		F288C52E163A2ADD00B3C451 /* Supporting Files */ = {
			isa = PBXGroup;
			children = (
				F288C52F163A2ADD00B3C451 /* chapter22-01-Info.plist */,
				F288C530163A2ADD00B3C451 /* InfoPlist.strings */,
				F288C533163A2ADD00B3C451 /* main.m */,
				F288C535163A2ADD00B3C451 /* chapter22-01-Prefix.pch */,
			);
			name = "Supporting Files";
			sourceTree = "<group>";
		};
/* End PBXGroup section */

/* Begin PBXNativeTarget section */
		F288C524163A2ADD00B3C451 /* chapter22-01 */ = {
			isa = PBXNativeTarget;
			buildConfigurationList = F288C541163A2ADD00B3C451 /* Build configuration list for PBXNativeTarget "chapter22-01" */;
			buildPhases = (
				F288C521163A2ADD00B3C451 /* Sources */,
				F288C522163A2ADD00B3C451 /* Frameworks */,
				F288C523163A2ADD00B3C451 /* Resources */,
			);
			buildRules = (
			);
			dependencies = (
			);
			name = "chapter22-01";
			productName = "DataStore03-sqlite";
			productReference = F288C525163A2ADD00B3C451 /* chapter22-01.app */;
			productType = "com.apple.product-type.application";
		};
/* End PBXNativeTarget section */

/* Begin PBXProject section */
		F288C51C163A2ADD00B3C451 /* Project object */ = {
			isa = PBXProject;
			attributes = {
				LastUpgradeCheck = 0420;
			};
			buildConfigurationList = F288C51F163A2ADD00B3C451 /* Build configuration list for PBXProject "chapter22-01" */;
			compatibilityVersion = "Xcode 3.2";
			developmentRegion = English;
			hasScannedForEncodings = 0;
			knownRegions = (
				en,
			);
			mainGroup = F288C51A163A2ADD00B3C451;
			productRefGroup = F288C526163A2ADD00B3C451 /* Products */;
			projectDirPath = "";
			projectRoot = "";
			targets = (
				F288C524163A2ADD00B3C451 /* chapter22-01 */,
			);
		};
/* End PBXProject section */

/* Begin PBXResourcesBuildPhase section */
		F288C523163A2ADD00B3C451 /* Resources */ = {
			isa = PBXResourcesBuildPhase;
			buildActionMask = 2147483647;
			files = (
				F288C532163A2ADD00B3C451 /* InfoPlist.strings in Resources */,
				F288C53E163A2ADD00B3C451 /* AmakerViewController.xib in Resources */,
			);
			runOnlyForDeploymentPostprocessing = 0;
		};
/* End PBXResourcesBuildPhase section */

/* Begin PBXSourcesBuildPhase section */
		F288C521163A2ADD00B3C451 /* Sources */ = {
			isa = PBXSourcesBuildPhase;
			buildActionMask = 2147483647;
			files = (
				F288C534163A2ADD00B3C451 /* main.m in Sources */,
				F288C538163A2ADD00B3C451 /* AmakerAppDelegate.m in Sources */,
				F288C53B163A2ADD00B3C451 /* AmakerViewController.m in Sources */,
				F288C548163A2D6000B3C451 /* DbUtil.m in Sources */,
				F288C54B163A2DA100B3C451 /* Person.m in Sources */,
			);
			runOnlyForDeploymentPostprocessing = 0;
		};
/* End PBXSourcesBuildPhase section */

/* Begin PBXVariantGroup section */
		F288C530163A2ADD00B3C451 /* InfoPlist.strings */ = {
			isa = PBXVariantGroup;
			children = (
				F288C531163A2ADD00B3C451 /* en */,
			);
			name = InfoPlist.strings;
			sourceTree = "<group>";
		};
		F288C53C163A2ADD00B3C451 /* AmakerViewController.xib */ = {
			isa = PBXVariantGroup;
			children = (
				F288C53D163A2ADD00B3C451 /* en */,
			);
			name = AmakerViewController.xib;
			sourceTree = "<group>";
		};
/* End PBXVariantGroup section */

/* Begin XCBuildConfiguration section */
		F288C53F163A2ADD00B3C451 /* Debug */ = {
			isa = XCBuildConfiguration;
			buildSettings = {
				ALWAYS_SEARCH_USER_PATHS = NO;
				ARCHS = "$(ARCHS_STANDARD_32_BIT)";
				CLANG_ENABLE_OBJC_ARC = YES;
				"CODE_SIGN_IDENTITY[sdk=iphoneos*]" = "iPhone Developer";
				COPY_PHASE_STRIP = NO;
				GCC_C_LANGUAGE_STANDARD = gnu99;
				GCC_DYNAMIC_NO_PIC = NO;
				GCC_OPTIMIZATION_LEVEL = 0;
				GCC_PREPROCESSOR_DEFINITIONS = (
					"DEBUG=1",
					"$(inherited)",
				);
				GCC_SYMBOLS_PRIVATE_EXTERN = NO;
				GCC_VERSION = com.apple.compilers.llvm.clang.1_0;
				GCC_WARN_ABOUT_MISSING_PROTOTYPES = YES;
				GCC_WARN_ABOUT_RETURN_TYPE = YES;
				GCC_WARN_UNUSED_VARIABLE = YES;
				IPHONEOS_DEPLOYMENT_TARGET = 5.0;
				SDKROOT = iphoneos;
			};
			name = Debug;
		};
		F288C540163A2ADD00B3C451 /* Release */ = {
			isa = XCBuildConfiguration;
			buildSettings = {
				ALWAYS_SEARCH_USER_PATHS = NO;
				ARCHS = "$(ARCHS_STANDARD_32_BIT)";
				CLANG_ENABLE_OBJC_ARC = YES;
				"CODE_SIGN_IDENTITY[sdk=iphoneos*]" = "iPhone Developer";
				COPY_PHASE_STRIP = YES;
				GCC_C_LANGUAGE_STANDARD = gnu99;
				GCC_VERSION = com.apple.compilers.llvm.clang.1_0;
				GCC_WARN_ABOUT_MISSING_PROTOTYPES = YES;
				GCC_WARN_ABOUT_RETURN_TYPE = YES;
				GCC_WARN_UNUSED_VARIABLE = YES;
				IPHONEOS_DEPLOYMENT_TARGET = 5.0;
				OTHER_CFLAGS = "-DNS_BLOCK_ASSERTIONS=1";
				SDKROOT = iphoneos;
				VALIDATE_PRODUCT = YES;
			};
			name = Release;
		};
		F288C542163A2ADD00B3C451 /* Debug */ = {
			isa = XCBuildConfiguration;
			buildSettings = {
				GCC_PRECOMPILE_PREFIX_HEADER = YES;
				GCC_PREFIX_HEADER = "DataStore03-sqlite/chapter22-01-Prefix.pch";
				INFOPLIST_FILE = "DataStore03-sqlite/chapter22-01-Info.plist";
				PRODUCT_NAME = "chapter22-01";
				WRAPPER_EXTENSION = app;
			};
			name = Debug;
		};
		F288C543163A2ADD00B3C451 /* Release */ = {
			isa = XCBuildConfiguration;
			buildSettings = {
				GCC_PRECOMPILE_PREFIX_HEADER = YES;
				GCC_PREFIX_HEADER = "DataStore03-sqlite/chapter22-01-Prefix.pch";
				INFOPLIST_FILE = "DataStore03-sqlite/chapter22-01-Info.plist";
				PRODUCT_NAME = "chapter22-01";
				WRAPPER_EXTENSION = app;
			};
			name = Release;
		};
/* End XCBuildConfiguration section */

/* Begin XCConfigurationList section */
		F288C51F163A2ADD00B3C451 /* Build configuration list for PBXProject "chapter22-01" */ = {
			isa = XCConfigurationList;
			buildConfigurations = (
				F288C53F163A2ADD00B3C451 /* Debug */,
				F288C540163A2ADD00B3C451 /* Release */,
			);
			defaultConfigurationIsVisible = 0;
			defaultConfigurationName = Release;
		};
		F288C541163A2ADD00B3C451 /* Build configuration list for PBXNativeTarget "chapter22-01" */ = {
			isa = XCConfigurationList;
			buildConfigurations = (
				F288C542163A2ADD00B3C451 /* Debug */,
				F288C543163A2ADD00B3C451 /* Release */,
			);
			defaultConfigurationIsVisible = 0;
			defaultConfigurationName = Release;
		};
/* End XCConfigurationList section */
	};
	rootObject = F288C51C163A2ADD00B3C451 /* Project object */;
}
