// !$*UTF8*$!
{
	archiveVersion = 1;
	classes = {
	};
	objectVersion = 46;
	objects = {

/* Begin PBXBuildFile section */
		E630315A173B482900F01A4F /* ASIAuthenticationDialog.m in Sources */ = {isa = PBXBuildFile; fileRef = E6303142173B482900F01A4F /* ASIAuthenticationDialog.m */; settings = {COMPILER_FLAGS = "-fno-objc-arc"; }; };
		E630315B173B482900F01A4F /* ASIDataCompressor.m in Sources */ = {isa = PBXBuildFile; fileRef = E6303145173B482900F01A4F /* ASIDataCompressor.m */; settings = {COMPILER_FLAGS = "-fno-objc-arc"; }; };
		E630315C173B482900F01A4F /* ASIDataDecompressor.m in Sources */ = {isa = PBXBuildFile; fileRef = E6303147173B482900F01A4F /* ASIDataDecompressor.m */; settings = {COMPILER_FLAGS = "-fno-objc-arc"; }; };
		E630315D173B482900F01A4F /* ASIDownloadCache.m in Sources */ = {isa = PBXBuildFile; fileRef = E6303149173B482900F01A4F /* ASIDownloadCache.m */; settings = {COMPILER_FLAGS = "-fno-objc-arc"; }; };
		E630315E173B482900F01A4F /* ASIFormDataRequest.m in Sources */ = {isa = PBXBuildFile; fileRef = E630314B173B482900F01A4F /* ASIFormDataRequest.m */; settings = {COMPILER_FLAGS = "-fno-objc-arc"; }; };
		E630315F173B482900F01A4F /* ASIHTTPRequest.m in Sources */ = {isa = PBXBuildFile; fileRef = E630314D173B482900F01A4F /* ASIHTTPRequest.m */; settings = {COMPILER_FLAGS = "-fno-objc-arc"; }; };
		E6303160173B482900F01A4F /* ASIInputStream.m in Sources */ = {isa = PBXBuildFile; fileRef = E6303151173B482900F01A4F /* ASIInputStream.m */; settings = {COMPILER_FLAGS = "-fno-objc-arc"; }; };
		E6303161173B482900F01A4F /* ASINetworkQueue.m in Sources */ = {isa = PBXBuildFile; fileRef = E6303153173B482900F01A4F /* ASINetworkQueue.m */; settings = {COMPILER_FLAGS = "-fno-objc-arc"; }; };
		E6303162173B482900F01A4F /* Reachability.m in Sources */ = {isa = PBXBuildFile; fileRef = E6303159173B482900F01A4F /* Reachability.m */; settings = {COMPILER_FLAGS = "-fno-objc-arc"; }; };
		E6303164173B48C200F01A4F /* CFNetwork.framework in Frameworks */ = {isa = PBXBuildFile; fileRef = E6303163173B48C200F01A4F /* CFNetwork.framework */; };
		E6303166173B48CA00F01A4F /* SystemConfiguration.framework in Frameworks */ = {isa = PBXBuildFile; fileRef = E6303165173B48CA00F01A4F /* SystemConfiguration.framework */; };
		E6303168173B48D200F01A4F /* MobileCoreServices.framework in Frameworks */ = {isa = PBXBuildFile; fileRef = E6303167173B48D200F01A4F /* MobileCoreServices.framework */; };
		E630316A173B48E100F01A4F /* libz.dylib in Frameworks */ = {isa = PBXBuildFile; fileRef = E6303169173B48E100F01A4F /* libz.dylib */; };
		E630316C173B4C7300F01A4F /* File.rtf in Resources */ = {isa = PBXBuildFile; fileRef = E630316B173B4C7300F01A4F /* File.rtf */; };
		E630316E173B768D00F01A4F /* QuartzCore.framework in Frameworks */ = {isa = PBXBuildFile; fileRef = E630316D173B768D00F01A4F /* QuartzCore.framework */; };
		E6303174173B8FEB00F01A4F /* PostWeiboViewController.m in Sources */ = {isa = PBXBuildFile; fileRef = E6303172173B8FEB00F01A4F /* PostWeiboViewController.m */; };
		E6303175173B8FEB00F01A4F /* PostWeiboViewController.xib in Resources */ = {isa = PBXBuildFile; fileRef = E6303173173B8FEB00F01A4F /* PostWeiboViewController.xib */; };
		E6857327173C949F00B4B74D /* WeiboDetailViewController.m in Sources */ = {isa = PBXBuildFile; fileRef = E6857325173C949F00B4B74D /* WeiboDetailViewController.m */; };
		E6857328173C949F00B4B74D /* WeiboDetailViewController.xib in Resources */ = {isa = PBXBuildFile; fileRef = E6857326173C949F00B4B74D /* WeiboDetailViewController.xib */; };
		E685732C173C9AA300B4B74D /* SDSegmentedControl.m in Sources */ = {isa = PBXBuildFile; fileRef = E685732B173C9AA300B4B74D /* SDSegmentedControl.m */; };
		E6857331173CCC7000B4B74D /* RepostViewController.m in Sources */ = {isa = PBXBuildFile; fileRef = E685732F173CCC7000B4B74D /* RepostViewController.m */; };
		E6857332173CCC7000B4B74D /* RepostViewController.xib in Resources */ = {isa = PBXBuildFile; fileRef = E6857330173CCC7000B4B74D /* RepostViewController.xib */; };
		E6857336173CD64E00B4B74D /* CommentViewController.m in Sources */ = {isa = PBXBuildFile; fileRef = E6857334173CD64E00B4B74D /* CommentViewController.m */; };
		E6857337173CD64E00B4B74D /* CommentViewController.xib in Resources */ = {isa = PBXBuildFile; fileRef = E6857335173CD64E00B4B74D /* CommentViewController.xib */; };
		E685733B173CE0B900B4B74D /* SGInfoAlert.m in Sources */ = {isa = PBXBuildFile; fileRef = E685733A173CE0B900B4B74D /* SGInfoAlert.m */; settings = {COMPILER_FLAGS = "-fno-objc-arc"; }; };
		E6F05E301739E6B700672B25 /* File.rtf in Resources */ = {isa = PBXBuildFile; fileRef = E6F05E2F1739E6B700672B25 /* File.rtf */; };
		E6F05E34173A064B00672B25 /* HomeViewController.m in Sources */ = {isa = PBXBuildFile; fileRef = E6F05E32173A064A00672B25 /* HomeViewController.m */; };
		E6F05E35173A064B00672B25 /* HomeViewController.xib in Resources */ = {isa = PBXBuildFile; fileRef = E6F05E33173A064A00672B25 /* HomeViewController.xib */; };
		E6F05E39173A066800672B25 /* MessageViewController.m in Sources */ = {isa = PBXBuildFile; fileRef = E6F05E37173A066800672B25 /* MessageViewController.m */; };
		E6F05E3A173A066800672B25 /* MessageViewController.xib in Resources */ = {isa = PBXBuildFile; fileRef = E6F05E38173A066800672B25 /* MessageViewController.xib */; };
		E6F05E3E173A067D00672B25 /* FriendViewController.m in Sources */ = {isa = PBXBuildFile; fileRef = E6F05E3C173A067D00672B25 /* FriendViewController.m */; };
		E6F05E3F173A067D00672B25 /* FriendViewController.xib in Resources */ = {isa = PBXBuildFile; fileRef = E6F05E3D173A067D00672B25 /* FriendViewController.xib */; };
		E6F05E43173A06BF00672B25 /* PlaceViewController.m in Sources */ = {isa = PBXBuildFile; fileRef = E6F05E41173A06BE00672B25 /* PlaceViewController.m */; };
		E6F05E44173A06BF00672B25 /* PlaceViewController.xib in Resources */ = {isa = PBXBuildFile; fileRef = E6F05E42173A06BF00672B25 /* PlaceViewController.xib */; };
		E6F05E48173A06DC00672B25 /* MoreViewController.m in Sources */ = {isa = PBXBuildFile; fileRef = E6F05E46173A06DC00672B25 /* MoreViewController.m */; };
		E6F05E49173A06DC00672B25 /* MoreViewController.xib in Resources */ = {isa = PBXBuildFile; fileRef = E6F05E47173A06DC00672B25 /* MoreViewController.xib */; };
		E6F05E4F173A077600672B25 /* home.png in Resources */ = {isa = PBXBuildFile; fileRef = E6F05E4B173A077600672B25 /* home.png */; };
		E6F05E50173A077600672B25 /* message.png in Resources */ = {isa = PBXBuildFile; fileRef = E6F05E4C173A077600672B25 /* message.png */; };
		E6F05E51173A077600672B25 /* more.png in Resources */ = {isa = PBXBuildFile; fileRef = E6F05E4D173A077600672B25 /* more.png */; };
		E6F05E52173A077600672B25 /* friend.png in Resources */ = {isa = PBXBuildFile; fileRef = E6F05E4E173A077600672B25 /* friend.png */; };
		E6F05E54173A088300672B25 /* place.png in Resources */ = {isa = PBXBuildFile; fileRef = E6F05E53173A088300672B25 /* place.png */; };
		E6F05E57173A0AF800672B25 /* ImageUtil.m in Sources */ = {isa = PBXBuildFile; fileRef = E6F05E56173A0AF800672B25 /* ImageUtil.m */; };
		E6F05E5B173A1E0500672B25 /* SinaWeiboManager.m in Sources */ = {isa = PBXBuildFile; fileRef = E6F05E5A173A1E0500672B25 /* SinaWeiboManager.m */; };
		E6FDFA871738F7B3000269F0 /* UIKit.framework in Frameworks */ = {isa = PBXBuildFile; fileRef = E6FDFA861738F7B3000269F0 /* UIKit.framework */; };
		E6FDFA891738F7B3000269F0 /* Foundation.framework in Frameworks */ = {isa = PBXBuildFile; fileRef = E6FDFA881738F7B3000269F0 /* Foundation.framework */; };
		E6FDFA8B1738F7B3000269F0 /* CoreGraphics.framework in Frameworks */ = {isa = PBXBuildFile; fileRef = E6FDFA8A1738F7B3000269F0 /* CoreGraphics.framework */; };
		E6FDFA911738F7B3000269F0 /* InfoPlist.strings in Resources */ = {isa = PBXBuildFile; fileRef = E6FDFA8F1738F7B3000269F0 /* InfoPlist.strings */; };
		E6FDFA931738F7B3000269F0 /* main.m in Sources */ = {isa = PBXBuildFile; fileRef = E6FDFA921738F7B3000269F0 /* main.m */; };
		E6FDFA971738F7B3000269F0 /* AmakerAppDelegate.m in Sources */ = {isa = PBXBuildFile; fileRef = E6FDFA961738F7B3000269F0 /* AmakerAppDelegate.m */; };
		E6FDFA991738F7B4000269F0 /* Default.png in Resources */ = {isa = PBXBuildFile; fileRef = E6FDFA981738F7B4000269F0 /* Default.png */; };
		E6FDFA9B1738F7B4000269F0 /* Default@2x.png in Resources */ = {isa = PBXBuildFile; fileRef = E6FDFA9A1738F7B4000269F0 /* Default@2x.png */; };
		E6FDFA9D1738F7B4000269F0 /* Default-568h@2x.png in Resources */ = {isa = PBXBuildFile; fileRef = E6FDFA9C1738F7B4000269F0 /* Default-568h@2x.png */; };
		E6FDFAA01738F7B4000269F0 /* RootViewController.m in Sources */ = {isa = PBXBuildFile; fileRef = E6FDFA9F1738F7B4000269F0 /* RootViewController.m */; };
		E6FDFAA31738F7B4000269F0 /* RootViewController.xib in Resources */ = {isa = PBXBuildFile; fileRef = E6FDFAA11738F7B4000269F0 /* RootViewController.xib */; };
		E6FDFAB61738F804000269F0 /* JSONKit.m in Sources */ = {isa = PBXBuildFile; fileRef = E6FDFAAC1738F804000269F0 /* JSONKit.m */; settings = {COMPILER_FLAGS = "-fno-objc-arc"; }; };
		E6FDFAB71738F804000269F0 /* SinaWeibo.bundle in Resources */ = {isa = PBXBuildFile; fileRef = E6FDFAAE1738F804000269F0 /* SinaWeibo.bundle */; };
		E6FDFAB81738F804000269F0 /* SinaWeibo.m in Sources */ = {isa = PBXBuildFile; fileRef = E6FDFAB01738F804000269F0 /* SinaWeibo.m */; settings = {COMPILER_FLAGS = "-fno-objc-arc"; }; };
		E6FDFAB91738F804000269F0 /* SinaWeiboAuthorizeView.m in Sources */ = {isa = PBXBuildFile; fileRef = E6FDFAB21738F804000269F0 /* SinaWeiboAuthorizeView.m */; settings = {COMPILER_FLAGS = "-fno-objc-arc"; }; };
		E6FDFABA1738F804000269F0 /* SinaWeiboRequest.m in Sources */ = {isa = PBXBuildFile; fileRef = E6FDFAB51738F804000269F0 /* SinaWeiboRequest.m */; settings = {COMPILER_FLAGS = "-fno-objc-arc"; }; };
/* End PBXBuildFile section */

/* Begin PBXFileReference section */
		E6303141173B482900F01A4F /* ASIAuthenticationDialog.h */ = {isa = PBXFileReference; fileEncoding = 4; lastKnownFileType = sourcecode.c.h; path = ASIAuthenticationDialog.h; sourceTree = "<group>"; };
		E6303142173B482900F01A4F /* ASIAuthenticationDialog.m */ = {isa = PBXFileReference; fileEncoding = 4; lastKnownFileType = sourcecode.c.objc; path = ASIAuthenticationDialog.m; sourceTree = "<group>"; };
		E6303143173B482900F01A4F /* ASICacheDelegate.h */ = {isa = PBXFileReference; fileEncoding = 4; lastKnownFileType = sourcecode.c.h; path = ASICacheDelegate.h; sourceTree = "<group>"; };
		E6303144173B482900F01A4F /* ASIDataCompressor.h */ = {isa = PBXFileReference; fileEncoding = 4; lastKnownFileType = sourcecode.c.h; path = ASIDataCompressor.h; sourceTree = "<group>"; };
		E6303145173B482900F01A4F /* ASIDataCompressor.m */ = {isa = PBXFileReference; fileEncoding = 4; lastKnownFileType = sourcecode.c.objc; path = ASIDataCompressor.m; sourceTree = "<group>"; };
		E6303146173B482900F01A4F /* ASIDataDecompressor.h */ = {isa = PBXFileReference; fileEncoding = 4; lastKnownFileType = sourcecode.c.h; path = ASIDataDecompressor.h; sourceTree = "<group>"; };
		E6303147173B482900F01A4F /* ASIDataDecompressor.m */ = {isa = PBXFileReference; fileEncoding = 4; lastKnownFileType = sourcecode.c.objc; path = ASIDataDecompressor.m; sourceTree = "<group>"; };
		E6303148173B482900F01A4F /* ASIDownloadCache.h */ = {isa = PBXFileReference; fileEncoding = 4; lastKnownFileType = sourcecode.c.h; path = ASIDownloadCache.h; sourceTree = "<group>"; };
		E6303149173B482900F01A4F /* ASIDownloadCache.m */ = {isa = PBXFileReference; fileEncoding = 4; lastKnownFileType = sourcecode.c.objc; path = ASIDownloadCache.m; sourceTree = "<group>"; };
		E630314A173B482900F01A4F /* ASIFormDataRequest.h */ = {isa = PBXFileReference; fileEncoding = 4; lastKnownFileType = sourcecode.c.h; path = ASIFormDataRequest.h; sourceTree = "<group>"; };
		E630314B173B482900F01A4F /* ASIFormDataRequest.m */ = {isa = PBXFileReference; fileEncoding = 4; lastKnownFileType = sourcecode.c.objc; path = ASIFormDataRequest.m; sourceTree = "<group>"; };
		E630314C173B482900F01A4F /* ASIHTTPRequest.h */ = {isa = PBXFileReference; fileEncoding = 4; lastKnownFileType = sourcecode.c.h; path = ASIHTTPRequest.h; sourceTree = "<group>"; };
		E630314D173B482900F01A4F /* ASIHTTPRequest.m */ = {isa = PBXFileReference; fileEncoding = 4; lastKnownFileType = sourcecode.c.objc; path = ASIHTTPRequest.m; sourceTree = "<group>"; };
		E630314E173B482900F01A4F /* ASIHTTPRequestConfig.h */ = {isa = PBXFileReference; fileEncoding = 4; lastKnownFileType = sourcecode.c.h; path = ASIHTTPRequestConfig.h; sourceTree = "<group>"; };
		E630314F173B482900F01A4F /* ASIHTTPRequestDelegate.h */ = {isa = PBXFileReference; fileEncoding = 4; lastKnownFileType = sourcecode.c.h; path = ASIHTTPRequestDelegate.h; sourceTree = "<group>"; };
		E6303150173B482900F01A4F /* ASIInputStream.h */ = {isa = PBXFileReference; fileEncoding = 4; lastKnownFileType = sourcecode.c.h; path = ASIInputStream.h; sourceTree = "<group>"; };
		E6303151173B482900F01A4F /* ASIInputStream.m */ = {isa = PBXFileReference; fileEncoding = 4; lastKnownFileType = sourcecode.c.objc; path = ASIInputStream.m; sourceTree = "<group>"; };
		E6303152173B482900F01A4F /* ASINetworkQueue.h */ = {isa = PBXFileReference; fileEncoding = 4; lastKnownFileType = sourcecode.c.h; path = ASINetworkQueue.h; sourceTree = "<group>"; };
		E6303153173B482900F01A4F /* ASINetworkQueue.m */ = {isa = PBXFileReference; fileEncoding = 4; lastKnownFileType = sourcecode.c.objc; path = ASINetworkQueue.m; sourceTree = "<group>"; };
		E6303154173B482900F01A4F /* ASIProgressDelegate.h */ = {isa = PBXFileReference; fileEncoding = 4; lastKnownFileType = sourcecode.c.h; path = ASIProgressDelegate.h; sourceTree = "<group>"; };
		E6303158173B482900F01A4F /* Reachability.h */ = {isa = PBXFileReference; fileEncoding = 4; lastKnownFileType = sourcecode.c.h; path = Reachability.h; sourceTree = "<group>"; };
		E6303159173B482900F01A4F /* Reachability.m */ = {isa = PBXFileReference; fileEncoding = 4; lastKnownFileType = sourcecode.c.objc; path = Reachability.m; sourceTree = "<group>"; };
		E6303163173B48C200F01A4F /* CFNetwork.framework */ = {isa = PBXFileReference; lastKnownFileType = wrapper.framework; name = CFNetwork.framework; path = System/Library/Frameworks/CFNetwork.framework; sourceTree = SDKROOT; };
		E6303165173B48CA00F01A4F /* SystemConfiguration.framework */ = {isa = PBXFileReference; lastKnownFileType = wrapper.framework; name = SystemConfiguration.framework; path = System/Library/Frameworks/SystemConfiguration.framework; sourceTree = SDKROOT; };
		E6303167173B48D200F01A4F /* MobileCoreServices.framework */ = {isa = PBXFileReference; lastKnownFileType = wrapper.framework; name = MobileCoreServices.framework; path = System/Library/Frameworks/MobileCoreServices.framework; sourceTree = SDKROOT; };
		E6303169173B48E100F01A4F /* libz.dylib */ = {isa = PBXFileReference; lastKnownFileType = "compiled.mach-o.dylib"; name = libz.dylib; path = usr/lib/libz.dylib; sourceTree = SDKROOT; };
		E630316B173B4C7300F01A4F /* File.rtf */ = {isa = PBXFileReference; fileEncoding = 4; lastKnownFileType = text.rtf; path = File.rtf; sourceTree = "<group>"; };
		E630316D173B768D00F01A4F /* QuartzCore.framework */ = {isa = PBXFileReference; lastKnownFileType = wrapper.framework; name = QuartzCore.framework; path = System/Library/Frameworks/QuartzCore.framework; sourceTree = SDKROOT; };
		E6303171173B8FEB00F01A4F /* PostWeiboViewController.h */ = {isa = PBXFileReference; fileEncoding = 4; lastKnownFileType = sourcecode.c.h; path = PostWeiboViewController.h; sourceTree = "<group>"; };
		E6303172173B8FEB00F01A4F /* PostWeiboViewController.m */ = {isa = PBXFileReference; fileEncoding = 4; lastKnownFileType = sourcecode.c.objc; path = PostWeiboViewController.m; sourceTree = "<group>"; };
		E6303173173B8FEB00F01A4F /* PostWeiboViewController.xib */ = {isa = PBXFileReference; fileEncoding = 4; lastKnownFileType = file.xib; path = PostWeiboViewController.xib; sourceTree = "<group>"; };
		E6857324173C949F00B4B74D /* WeiboDetailViewController.h */ = {isa = PBXFileReference; fileEncoding = 4; lastKnownFileType = sourcecode.c.h; path = WeiboDetailViewController.h; sourceTree = "<group>"; };
		E6857325173C949F00B4B74D /* WeiboDetailViewController.m */ = {isa = PBXFileReference; fileEncoding = 4; lastKnownFileType = sourcecode.c.objc; path = WeiboDetailViewController.m; sourceTree = "<group>"; };
		E6857326173C949F00B4B74D /* WeiboDetailViewController.xib */ = {isa = PBXFileReference; fileEncoding = 4; lastKnownFileType = file.xib; path = WeiboDetailViewController.xib; sourceTree = "<group>"; };
		E685732A173C9AA300B4B74D /* SDSegmentedControl.h */ = {isa = PBXFileReference; fileEncoding = 4; lastKnownFileType = sourcecode.c.h; path = SDSegmentedControl.h; sourceTree = "<group>"; };
		E685732B173C9AA300B4B74D /* SDSegmentedControl.m */ = {isa = PBXFileReference; fileEncoding = 4; lastKnownFileType = sourcecode.c.objc; path = SDSegmentedControl.m; sourceTree = "<group>"; };
		E685732E173CCC7000B4B74D /* RepostViewController.h */ = {isa = PBXFileReference; fileEncoding = 4; lastKnownFileType = sourcecode.c.h; path = RepostViewController.h; sourceTree = "<group>"; };
		E685732F173CCC7000B4B74D /* RepostViewController.m */ = {isa = PBXFileReference; fileEncoding = 4; lastKnownFileType = sourcecode.c.objc; path = RepostViewController.m; sourceTree = "<group>"; };
		E6857330173CCC7000B4B74D /* RepostViewController.xib */ = {isa = PBXFileReference; fileEncoding = 4; lastKnownFileType = file.xib; path = RepostViewController.xib; sourceTree = "<group>"; };
		E6857333173CD64E00B4B74D /* CommentViewController.h */ = {isa = PBXFileReference; fileEncoding = 4; lastKnownFileType = sourcecode.c.h; path = CommentViewController.h; sourceTree = "<group>"; };
		E6857334173CD64E00B4B74D /* CommentViewController.m */ = {isa = PBXFileReference; fileEncoding = 4; lastKnownFileType = sourcecode.c.objc; path = CommentViewController.m; sourceTree = "<group>"; };
		E6857335173CD64E00B4B74D /* CommentViewController.xib */ = {isa = PBXFileReference; fileEncoding = 4; lastKnownFileType = file.xib; path = CommentViewController.xib; sourceTree = "<group>"; };
		E6857339173CE0B800B4B74D /* SGInfoAlert.h */ = {isa = PBXFileReference; fileEncoding = 4; lastKnownFileType = sourcecode.c.h; name = SGInfoAlert.h; path = sinaweibo_ios_sdk/SGInfoAlert.h; sourceTree = "<group>"; };
		E685733A173CE0B900B4B74D /* SGInfoAlert.m */ = {isa = PBXFileReference; fileEncoding = 4; lastKnownFileType = sourcecode.c.objc; name = SGInfoAlert.m; path = sinaweibo_ios_sdk/SGInfoAlert.m; sourceTree = "<group>"; };
		E6F05E2F1739E6B700672B25 /* File.rtf */ = {isa = PBXFileReference; fileEncoding = 4; lastKnownFileType = text.rtf; path = File.rtf; sourceTree = "<group>"; };
		E6F05E31173A064A00672B25 /* HomeViewController.h */ = {isa = PBXFileReference; fileEncoding = 4; lastKnownFileType = sourcecode.c.h; name = HomeViewController.h; path = ../HomeViewController.h; sourceTree = "<group>"; };
		E6F05E32173A064A00672B25 /* HomeViewController.m */ = {isa = PBXFileReference; fileEncoding = 4; lastKnownFileType = sourcecode.c.objc; name = HomeViewController.m; path = ../HomeViewController.m; sourceTree = "<group>"; };
		E6F05E33173A064A00672B25 /* HomeViewController.xib */ = {isa = PBXFileReference; fileEncoding = 4; lastKnownFileType = file.xib; name = HomeViewController.xib; path = ../HomeViewController.xib; sourceTree = "<group>"; };
		E6F05E36173A066800672B25 /* MessageViewController.h */ = {isa = PBXFileReference; fileEncoding = 4; lastKnownFileType = sourcecode.c.h; name = MessageViewController.h; path = ../MessageViewController.h; sourceTree = "<group>"; };
		E6F05E37173A066800672B25 /* MessageViewController.m */ = {isa = PBXFileReference; fileEncoding = 4; lastKnownFileType = sourcecode.c.objc; name = MessageViewController.m; path = ../MessageViewController.m; sourceTree = "<group>"; };
		E6F05E38173A066800672B25 /* MessageViewController.xib */ = {isa = PBXFileReference; fileEncoding = 4; lastKnownFileType = file.xib; name = MessageViewController.xib; path = ../MessageViewController.xib; sourceTree = "<group>"; };
		E6F05E3B173A067D00672B25 /* FriendViewController.h */ = {isa = PBXFileReference; fileEncoding = 4; lastKnownFileType = sourcecode.c.h; name = FriendViewController.h; path = ../FriendViewController.h; sourceTree = "<group>"; };
		E6F05E3C173A067D00672B25 /* FriendViewController.m */ = {isa = PBXFileReference; fileEncoding = 4; lastKnownFileType = sourcecode.c.objc; name = FriendViewController.m; path = ../FriendViewController.m; sourceTree = "<group>"; };
		E6F05E3D173A067D00672B25 /* FriendViewController.xib */ = {isa = PBXFileReference; fileEncoding = 4; lastKnownFileType = file.xib; name = FriendViewController.xib; path = ../FriendViewController.xib; sourceTree = "<group>"; };
		E6F05E40173A06BE00672B25 /* PlaceViewController.h */ = {isa = PBXFileReference; fileEncoding = 4; lastKnownFileType = sourcecode.c.h; name = PlaceViewController.h; path = ../PlaceViewController.h; sourceTree = "<group>"; };
		E6F05E41173A06BE00672B25 /* PlaceViewController.m */ = {isa = PBXFileReference; fileEncoding = 4; lastKnownFileType = sourcecode.c.objc; name = PlaceViewController.m; path = ../PlaceViewController.m; sourceTree = "<group>"; };
		E6F05E42173A06BF00672B25 /* PlaceViewController.xib */ = {isa = PBXFileReference; fileEncoding = 4; lastKnownFileType = file.xib; name = PlaceViewController.xib; path = ../PlaceViewController.xib; sourceTree = "<group>"; };
		E6F05E45173A06DC00672B25 /* MoreViewController.h */ = {isa = PBXFileReference; fileEncoding = 4; lastKnownFileType = sourcecode.c.h; name = MoreViewController.h; path = ../MoreViewController.h; sourceTree = "<group>"; };
		E6F05E46173A06DC00672B25 /* MoreViewController.m */ = {isa = PBXFileReference; fileEncoding = 4; lastKnownFileType = sourcecode.c.objc; name = MoreViewController.m; path = ../MoreViewController.m; sourceTree = "<group>"; };
		E6F05E47173A06DC00672B25 /* MoreViewController.xib */ = {isa = PBXFileReference; fileEncoding = 4; lastKnownFileType = file.xib; name = MoreViewController.xib; path = ../MoreViewController.xib; sourceTree = "<group>"; };
		E6F05E4B173A077600672B25 /* home.png */ = {isa = PBXFileReference; lastKnownFileType = image.png; path = home.png; sourceTree = "<group>"; };
		E6F05E4C173A077600672B25 /* message.png */ = {isa = PBXFileReference; lastKnownFileType = image.png; path = message.png; sourceTree = "<group>"; };
		E6F05E4D173A077600672B25 /* more.png */ = {isa = PBXFileReference; lastKnownFileType = image.png; path = more.png; sourceTree = "<group>"; };
		E6F05E4E173A077600672B25 /* friend.png */ = {isa = PBXFileReference; lastKnownFileType = image.png; path = friend.png; sourceTree = "<group>"; };
		E6F05E53173A088300672B25 /* place.png */ = {isa = PBXFileReference; lastKnownFileType = image.png; path = place.png; sourceTree = "<group>"; };
		E6F05E55173A0AF800672B25 /* ImageUtil.h */ = {isa = PBXFileReference; fileEncoding = 4; lastKnownFileType = sourcecode.c.h; path = ImageUtil.h; sourceTree = "<group>"; };
		E6F05E56173A0AF800672B25 /* ImageUtil.m */ = {isa = PBXFileReference; fileEncoding = 4; lastKnownFileType = sourcecode.c.objc; path = ImageUtil.m; sourceTree = "<group>"; };
		E6F05E59173A1E0500672B25 /* SinaWeiboManager.h */ = {isa = PBXFileReference; fileEncoding = 4; lastKnownFileType = sourcecode.c.h; path = SinaWeiboManager.h; sourceTree = "<group>"; };
		E6F05E5A173A1E0500672B25 /* SinaWeiboManager.m */ = {isa = PBXFileReference; fileEncoding = 4; lastKnownFileType = sourcecode.c.objc; path = SinaWeiboManager.m; sourceTree = "<group>"; };
		E6FDFA831738F7B3000269F0 /* chapter31-weibo.app */ = {isa = PBXFileReference; explicitFileType = wrapper.application; includeInIndex = 0; path = "chapter31-weibo.app"; sourceTree = BUILT_PRODUCTS_DIR; };
		E6FDFA861738F7B3000269F0 /* UIKit.framework */ = {isa = PBXFileReference; lastKnownFileType = wrapper.framework; name = UIKit.framework; path = System/Library/Frameworks/UIKit.framework; sourceTree = SDKROOT; };
		E6FDFA881738F7B3000269F0 /* Foundation.framework */ = {isa = PBXFileReference; lastKnownFileType = wrapper.framework; name = Foundation.framework; path = System/Library/Frameworks/Foundation.framework; sourceTree = SDKROOT; };
		E6FDFA8A1738F7B3000269F0 /* CoreGraphics.framework */ = {isa = PBXFileReference; lastKnownFileType = wrapper.framework; name = CoreGraphics.framework; path = System/Library/Frameworks/CoreGraphics.framework; sourceTree = SDKROOT; };
		E6FDFA8E1738F7B3000269F0 /* chapter31-weibo-Info.plist */ = {isa = PBXFileReference; lastKnownFileType = text.plist.xml; path = "chapter31-weibo-Info.plist"; sourceTree = "<group>"; };
		E6FDFA901738F7B3000269F0 /* en */ = {isa = PBXFileReference; lastKnownFileType = text.plist.strings; name = en; path = en.lproj/InfoPlist.strings; sourceTree = "<group>"; };
		E6FDFA921738F7B3000269F0 /* main.m */ = {isa = PBXFileReference; lastKnownFileType = sourcecode.c.objc; path = main.m; sourceTree = "<group>"; };
		E6FDFA941738F7B3000269F0 /* chapter31-weibo-Prefix.pch */ = {isa = PBXFileReference; lastKnownFileType = sourcecode.c.h; path = "chapter31-weibo-Prefix.pch"; sourceTree = "<group>"; };
		E6FDFA951738F7B3000269F0 /* AmakerAppDelegate.h */ = {isa = PBXFileReference; lastKnownFileType = sourcecode.c.h; path = AmakerAppDelegate.h; sourceTree = "<group>"; };
		E6FDFA961738F7B3000269F0 /* AmakerAppDelegate.m */ = {isa = PBXFileReference; lastKnownFileType = sourcecode.c.objc; path = AmakerAppDelegate.m; sourceTree = "<group>"; };
		E6FDFA981738F7B4000269F0 /* Default.png */ = {isa = PBXFileReference; lastKnownFileType = image.png; path = Default.png; sourceTree = "<group>"; };
		E6FDFA9A1738F7B4000269F0 /* Default@2x.png */ = {isa = PBXFileReference; lastKnownFileType = image.png; path = "Default@2x.png"; sourceTree = "<group>"; };
		E6FDFA9C1738F7B4000269F0 /* Default-568h@2x.png */ = {isa = PBXFileReference; lastKnownFileType = image.png; path = "Default-568h@2x.png"; sourceTree = "<group>"; };
		E6FDFA9E1738F7B4000269F0 /* RootViewController.h */ = {isa = PBXFileReference; lastKnownFileType = sourcecode.c.h; path = RootViewController.h; sourceTree = "<group>"; };
		E6FDFA9F1738F7B4000269F0 /* RootViewController.m */ = {isa = PBXFileReference; lastKnownFileType = sourcecode.c.objc; path = RootViewController.m; sourceTree = "<group>"; };
		E6FDFAA21738F7B4000269F0 /* en */ = {isa = PBXFileReference; lastKnownFileType = file.xib; name = en; path = en.lproj/RootViewController.xib; sourceTree = "<group>"; };
		E6FDFAAB1738F804000269F0 /* JSONKit.h */ = {isa = PBXFileReference; fileEncoding = 4; lastKnownFileType = sourcecode.c.h; path = JSONKit.h; sourceTree = "<group>"; };
		E6FDFAAC1738F804000269F0 /* JSONKit.m */ = {isa = PBXFileReference; fileEncoding = 4; lastKnownFileType = sourcecode.c.objc; path = JSONKit.m; sourceTree = "<group>"; };
		E6FDFAAE1738F804000269F0 /* SinaWeibo.bundle */ = {isa = PBXFileReference; lastKnownFileType = "wrapper.plug-in"; path = SinaWeibo.bundle; sourceTree = "<group>"; };
		E6FDFAAF1738F804000269F0 /* SinaWeibo.h */ = {isa = PBXFileReference; fileEncoding = 4; lastKnownFileType = sourcecode.c.h; path = SinaWeibo.h; sourceTree = "<group>"; };
		E6FDFAB01738F804000269F0 /* SinaWeibo.m */ = {isa = PBXFileReference; fileEncoding = 4; lastKnownFileType = sourcecode.c.objc; path = SinaWeibo.m; sourceTree = "<group>"; };
		E6FDFAB11738F804000269F0 /* SinaWeiboAuthorizeView.h */ = {isa = PBXFileReference; fileEncoding = 4; lastKnownFileType = sourcecode.c.h; path = SinaWeiboAuthorizeView.h; sourceTree = "<group>"; };
		E6FDFAB21738F804000269F0 /* SinaWeiboAuthorizeView.m */ = {isa = PBXFileReference; fileEncoding = 4; lastKnownFileType = sourcecode.c.objc; path = SinaWeiboAuthorizeView.m; sourceTree = "<group>"; };
		E6FDFAB31738F804000269F0 /* SinaWeiboConstants.h */ = {isa = PBXFileReference; fileEncoding = 4; lastKnownFileType = sourcecode.c.h; path = SinaWeiboConstants.h; sourceTree = "<group>"; };
		E6FDFAB41738F804000269F0 /* SinaWeiboRequest.h */ = {isa = PBXFileReference; fileEncoding = 4; lastKnownFileType = sourcecode.c.h; path = SinaWeiboRequest.h; sourceTree = "<group>"; };
		E6FDFAB51738F804000269F0 /* SinaWeiboRequest.m */ = {isa = PBXFileReference; fileEncoding = 4; lastKnownFileType = sourcecode.c.objc; path = SinaWeiboRequest.m; sourceTree = "<group>"; };
/* End PBXFileReference section */

/* Begin PBXFrameworksBuildPhase section */
		E6FDFA801738F7B3000269F0 /* Frameworks */ = {
			isa = PBXFrameworksBuildPhase;
			buildActionMask = 2147483647;
			files = (
				E630316E173B768D00F01A4F /* QuartzCore.framework in Frameworks */,
				E630316A173B48E100F01A4F /* libz.dylib in Frameworks */,
				E6FDFA8B1738F7B3000269F0 /* CoreGraphics.framework in Frameworks */,
				E6303168173B48D200F01A4F /* MobileCoreServices.framework in Frameworks */,
				E6303166173B48CA00F01A4F /* SystemConfiguration.framework in Frameworks */,
				E6303164173B48C200F01A4F /* CFNetwork.framework in Frameworks */,
				E6FDFA871738F7B3000269F0 /* UIKit.framework in Frameworks */,
				E6FDFA891738F7B3000269F0 /* Foundation.framework in Frameworks */,
			);
			runOnlyForDeploymentPostprocessing = 0;
		};
/* End PBXFrameworksBuildPhase section */

/* Begin PBXGroup section */
		E630313D173B423800F01A4F /* Home */ = {
			isa = PBXGroup;
			children = (
				E6857323173C947F00B4B74D /* WeiboDetail */,
				E6303170173B8FC700F01A4F /* PostWeibo */,
				E6F05E31173A064A00672B25 /* HomeViewController.h */,
				E6F05E32173A064A00672B25 /* HomeViewController.m */,
				E6F05E33173A064A00672B25 /* HomeViewController.xib */,
			);
			name = Home;
			sourceTree = "<group>";
		};
		E6303140173B482900F01A4F /* ASI */ = {
			isa = PBXGroup;
			children = (
				E6303141173B482900F01A4F /* ASIAuthenticationDialog.h */,
				E6303142173B482900F01A4F /* ASIAuthenticationDialog.m */,
				E6303143173B482900F01A4F /* ASICacheDelegate.h */,
				E6303144173B482900F01A4F /* ASIDataCompressor.h */,
				E6303145173B482900F01A4F /* ASIDataCompressor.m */,
				E6303146173B482900F01A4F /* ASIDataDecompressor.h */,
				E6303147173B482900F01A4F /* ASIDataDecompressor.m */,
				E6303148173B482900F01A4F /* ASIDownloadCache.h */,
				E6303149173B482900F01A4F /* ASIDownloadCache.m */,
				E630314A173B482900F01A4F /* ASIFormDataRequest.h */,
				E630314B173B482900F01A4F /* ASIFormDataRequest.m */,
				E630314C173B482900F01A4F /* ASIHTTPRequest.h */,
				E630314D173B482900F01A4F /* ASIHTTPRequest.m */,
				E630314E173B482900F01A4F /* ASIHTTPRequestConfig.h */,
				E630314F173B482900F01A4F /* ASIHTTPRequestDelegate.h */,
				E6303150173B482900F01A4F /* ASIInputStream.h */,
				E6303151173B482900F01A4F /* ASIInputStream.m */,
				E6303152173B482900F01A4F /* ASINetworkQueue.h */,
				E6303153173B482900F01A4F /* ASINetworkQueue.m */,
				E6303154173B482900F01A4F /* ASIProgressDelegate.h */,
				E6303155173B482900F01A4F /* External */,
			);
			name = ASI;
			path = ../Classes;
			sourceTree = "<group>";
		};
		E6303155173B482900F01A4F /* External */ = {
			isa = PBXGroup;
			children = (
				E6303156173B482900F01A4F /* GHUnit */,
				E6303157173B482900F01A4F /* Reachability */,
			);
			path = External;
			sourceTree = "<group>";
		};
		E6303156173B482900F01A4F /* GHUnit */ = {
			isa = PBXGroup;
			children = (
			);
			path = GHUnit;
			sourceTree = "<group>";
		};
		E6303157173B482900F01A4F /* Reachability */ = {
			isa = PBXGroup;
			children = (
				E6303158173B482900F01A4F /* Reachability.h */,
				E6303159173B482900F01A4F /* Reachability.m */,
			);
			path = Reachability;
			sourceTree = "<group>";
		};
		E630316F173B874700F01A4F /* Root */ = {
			isa = PBXGroup;
			children = (
				E6FDFA9E1738F7B4000269F0 /* RootViewController.h */,
				E6FDFA9F1738F7B4000269F0 /* RootViewController.m */,
				E6FDFAA11738F7B4000269F0 /* RootViewController.xib */,
			);
			name = Root;
			sourceTree = "<group>";
		};
		E6303170173B8FC700F01A4F /* PostWeibo */ = {
			isa = PBXGroup;
			children = (
				E6303171173B8FEB00F01A4F /* PostWeiboViewController.h */,
				E6303172173B8FEB00F01A4F /* PostWeiboViewController.m */,
				E6303173173B8FEB00F01A4F /* PostWeiboViewController.xib */,
			);
			name = PostWeibo;
			sourceTree = "<group>";
		};
		E6857323173C947F00B4B74D /* WeiboDetail */ = {
			isa = PBXGroup;
			children = (
				E6857338173CD65400B4B74D /* Comment */,
				E685732D173CCC5600B4B74D /* Repost */,
				E6857329173C9A3100B4B74D /* SDSegmentedControl */,
				E6857324173C949F00B4B74D /* WeiboDetailViewController.h */,
				E6857325173C949F00B4B74D /* WeiboDetailViewController.m */,
				E6857326173C949F00B4B74D /* WeiboDetailViewController.xib */,
			);
			name = WeiboDetail;
			sourceTree = "<group>";
		};
		E6857329173C9A3100B4B74D /* SDSegmentedControl */ = {
			isa = PBXGroup;
			children = (
				E685732A173C9AA300B4B74D /* SDSegmentedControl.h */,
				E685732B173C9AA300B4B74D /* SDSegmentedControl.m */,
			);
			name = SDSegmentedControl;
			sourceTree = "<group>";
		};
		E685732D173CCC5600B4B74D /* Repost */ = {
			isa = PBXGroup;
			children = (
				E685732E173CCC7000B4B74D /* RepostViewController.h */,
				E685732F173CCC7000B4B74D /* RepostViewController.m */,
				E6857330173CCC7000B4B74D /* RepostViewController.xib */,
			);
			name = Repost;
			sourceTree = "<group>";
		};
		E6857338173CD65400B4B74D /* Comment */ = {
			isa = PBXGroup;
			children = (
				E6857333173CD64E00B4B74D /* CommentViewController.h */,
				E6857334173CD64E00B4B74D /* CommentViewController.m */,
				E6857335173CD64E00B4B74D /* CommentViewController.xib */,
			);
			name = Comment;
			sourceTree = "<group>";
		};
		E685733C173CE0C400B4B74D /* SGInfoAlert */ = {
			isa = PBXGroup;
			children = (
				E6857339173CE0B800B4B74D /* SGInfoAlert.h */,
				E685733A173CE0B900B4B74D /* SGInfoAlert.m */,
			);
			name = SGInfoAlert;
			sourceTree = "<group>";
		};
		E6F05E4A173A06F100672B25 /* images */ = {
			isa = PBXGroup;
			children = (
				E6F05E53173A088300672B25 /* place.png */,
				E6F05E4B173A077600672B25 /* home.png */,
				E6F05E4C173A077600672B25 /* message.png */,
				E6F05E4D173A077600672B25 /* more.png */,
				E6F05E55173A0AF800672B25 /* ImageUtil.h */,
				E6F05E56173A0AF800672B25 /* ImageUtil.m */,
				E6F05E4E173A077600672B25 /* friend.png */,
			);
			name = images;
			sourceTree = "<group>";
		};
		E6F05E58173A1DE100672B25 /* Model */ = {
			isa = PBXGroup;
			children = (
				E6F05E59173A1E0500672B25 /* SinaWeiboManager.h */,
				E6F05E5A173A1E0500672B25 /* SinaWeiboManager.m */,
			);
			name = Model;
			sourceTree = "<group>";
		};
		E6F05E5C173A201300672B25 /* Tabs */ = {
			isa = PBXGroup;
			children = (
				E630313D173B423800F01A4F /* Home */,
				E6F05E36173A066800672B25 /* MessageViewController.h */,
				E6F05E37173A066800672B25 /* MessageViewController.m */,
				E6F05E38173A066800672B25 /* MessageViewController.xib */,
				E6F05E3B173A067D00672B25 /* FriendViewController.h */,
				E6F05E3C173A067D00672B25 /* FriendViewController.m */,
				E6F05E3D173A067D00672B25 /* FriendViewController.xib */,
				E6F05E40173A06BE00672B25 /* PlaceViewController.h */,
				E6F05E41173A06BE00672B25 /* PlaceViewController.m */,
				E6F05E42173A06BF00672B25 /* PlaceViewController.xib */,
				E6F05E45173A06DC00672B25 /* MoreViewController.h */,
				E6F05E46173A06DC00672B25 /* MoreViewController.m */,
				E6F05E47173A06DC00672B25 /* MoreViewController.xib */,
			);
			name = Tabs;
			path = sinaweibo_ios_sdk;
			sourceTree = "<group>";
		};
		E6FDFA7A1738F7B3000269F0 = {
			isa = PBXGroup;
			children = (
				E630316B173B4C7300F01A4F /* File.rtf */,
				E6FDFA8C1738F7B3000269F0 /* chapter31-weibo */,
				E6FDFA851738F7B3000269F0 /* Frameworks */,
				E6FDFA841738F7B3000269F0 /* Products */,
			);
			sourceTree = "<group>";
		};
		E6FDFA841738F7B3000269F0 /* Products */ = {
			isa = PBXGroup;
			children = (
				E6FDFA831738F7B3000269F0 /* chapter31-weibo.app */,
			);
			name = Products;
			sourceTree = "<group>";
		};
		E6FDFA851738F7B3000269F0 /* Frameworks */ = {
			isa = PBXGroup;
			children = (
				E630316D173B768D00F01A4F /* QuartzCore.framework */,
				E6303169173B48E100F01A4F /* libz.dylib */,
				E6303167173B48D200F01A4F /* MobileCoreServices.framework */,
				E6303165173B48CA00F01A4F /* SystemConfiguration.framework */,
				E6303163173B48C200F01A4F /* CFNetwork.framework */,
				E6FDFA861738F7B3000269F0 /* UIKit.framework */,
				E6FDFA881738F7B3000269F0 /* Foundation.framework */,
				E6FDFA8A1738F7B3000269F0 /* CoreGraphics.framework */,
			);
			name = Frameworks;
			sourceTree = "<group>";
		};
		E6FDFA8C1738F7B3000269F0 /* chapter31-weibo */ = {
			isa = PBXGroup;
			children = (
				E685733C173CE0C400B4B74D /* SGInfoAlert */,
				E630316F173B874700F01A4F /* Root */,
				E6F05E4A173A06F100672B25 /* images */,
				E6FDFAA91738F804000269F0 /* sinaweibo_ios_sdk */,
				E6303140173B482900F01A4F /* ASI */,
				E6F05E5C173A201300672B25 /* Tabs */,
				E6F05E58173A1DE100672B25 /* Model */,
				E6FDFA951738F7B3000269F0 /* AmakerAppDelegate.h */,
				E6FDFA961738F7B3000269F0 /* AmakerAppDelegate.m */,
				E6FDFA8D1738F7B3000269F0 /* Supporting Files */,
				E6F05E2F1739E6B700672B25 /* File.rtf */,
			);
			path = "chapter31-weibo";
			sourceTree = "<group>";
		};
		E6FDFA8D1738F7B3000269F0 /* Supporting Files */ = {
			isa = PBXGroup;
			children = (
				E6FDFA8E1738F7B3000269F0 /* chapter31-weibo-Info.plist */,
				E6FDFA8F1738F7B3000269F0 /* InfoPlist.strings */,
				E6FDFA921738F7B3000269F0 /* main.m */,
				E6FDFA941738F7B3000269F0 /* chapter31-weibo-Prefix.pch */,
				E6FDFA981738F7B4000269F0 /* Default.png */,
				E6FDFA9A1738F7B4000269F0 /* Default@2x.png */,
				E6FDFA9C1738F7B4000269F0 /* Default-568h@2x.png */,
			);
			name = "Supporting Files";
			sourceTree = "<group>";
		};
		E6FDFAA91738F804000269F0 /* sinaweibo_ios_sdk */ = {
			isa = PBXGroup;
			children = (
				E6FDFAAA1738F804000269F0 /* JSONKit */,
				E6FDFAAD1738F804000269F0 /* SinaWeibo */,
			);
			path = sinaweibo_ios_sdk;
			sourceTree = "<group>";
		};
		E6FDFAAA1738F804000269F0 /* JSONKit */ = {
			isa = PBXGroup;
			children = (
				E6FDFAAB1738F804000269F0 /* JSONKit.h */,
				E6FDFAAC1738F804000269F0 /* JSONKit.m */,
			);
			path = JSONKit;
			sourceTree = "<group>";
		};
		E6FDFAAD1738F804000269F0 /* SinaWeibo */ = {
			isa = PBXGroup;
			children = (
				E6FDFAAE1738F804000269F0 /* SinaWeibo.bundle */,
				E6FDFAAF1738F804000269F0 /* SinaWeibo.h */,
				E6FDFAB01738F804000269F0 /* SinaWeibo.m */,
				E6FDFAB11738F804000269F0 /* SinaWeiboAuthorizeView.h */,
				E6FDFAB21738F804000269F0 /* SinaWeiboAuthorizeView.m */,
				E6FDFAB31738F804000269F0 /* SinaWeiboConstants.h */,
				E6FDFAB41738F804000269F0 /* SinaWeiboRequest.h */,
				E6FDFAB51738F804000269F0 /* SinaWeiboRequest.m */,
			);
			path = SinaWeibo;
			sourceTree = "<group>";
		};
/* End PBXGroup section */

/* Begin PBXNativeTarget section */
		E6FDFA821738F7B3000269F0 /* chapter31-weibo */ = {
			isa = PBXNativeTarget;
			buildConfigurationList = E6FDFAA61738F7B4000269F0 /* Build configuration list for PBXNativeTarget "chapter31-weibo" */;
			buildPhases = (
				E6FDFA7F1738F7B3000269F0 /* Sources */,
				E6FDFA801738F7B3000269F0 /* Frameworks */,
				E6FDFA811738F7B3000269F0 /* Resources */,
			);
			buildRules = (
			);
			dependencies = (
			);
			name = "chapter31-weibo";
			productName = "chapter31-weibo";
			productReference = E6FDFA831738F7B3000269F0 /* chapter31-weibo.app */;
			productType = "com.apple.product-type.application";
		};
/* End PBXNativeTarget section */

/* Begin PBXProject section */
		E6FDFA7B1738F7B3000269F0 /* Project object */ = {
			isa = PBXProject;
			attributes = {
				CLASSPREFIX = Amaker;
				LastUpgradeCheck = 0460;
				ORGANIZATIONNAME = amaker;
			};
			buildConfigurationList = E6FDFA7E1738F7B3000269F0 /* Build configuration list for PBXProject "chapter31-weibo" */;
			compatibilityVersion = "Xcode 3.2";
			developmentRegion = English;
			hasScannedForEncodings = 0;
			knownRegions = (
				en,
			);
			mainGroup = E6FDFA7A1738F7B3000269F0;
			productRefGroup = E6FDFA841738F7B3000269F0 /* Products */;
			projectDirPath = "";
			projectRoot = "";
			targets = (
				E6FDFA821738F7B3000269F0 /* chapter31-weibo */,
			);
		};
/* End PBXProject section */

/* Begin PBXResourcesBuildPhase section */
		E6FDFA811738F7B3000269F0 /* Resources */ = {
			isa = PBXResourcesBuildPhase;
			buildActionMask = 2147483647;
			files = (
				E6FDFA911738F7B3000269F0 /* InfoPlist.strings in Resources */,
				E6FDFA991738F7B4000269F0 /* Default.png in Resources */,
				E6FDFA9B1738F7B4000269F0 /* Default@2x.png in Resources */,
				E6FDFA9D1738F7B4000269F0 /* Default-568h@2x.png in Resources */,
				E6FDFAA31738F7B4000269F0 /* RootViewController.xib in Resources */,
				E6FDFAB71738F804000269F0 /* SinaWeibo.bundle in Resources */,
				E6F05E301739E6B700672B25 /* File.rtf in Resources */,
				E6F05E35173A064B00672B25 /* HomeViewController.xib in Resources */,
				E6F05E3A173A066800672B25 /* MessageViewController.xib in Resources */,
				E6F05E3F173A067D00672B25 /* FriendViewController.xib in Resources */,
				E6F05E44173A06BF00672B25 /* PlaceViewController.xib in Resources */,
				E6F05E49173A06DC00672B25 /* MoreViewController.xib in Resources */,
				E6F05E4F173A077600672B25 /* home.png in Resources */,
				E6F05E50173A077600672B25 /* message.png in Resources */,
				E6F05E51173A077600672B25 /* more.png in Resources */,
				E6F05E52173A077600672B25 /* friend.png in Resources */,
				E6F05E54173A088300672B25 /* place.png in Resources */,
				E630316C173B4C7300F01A4F /* File.rtf in Resources */,
				E6303175173B8FEB00F01A4F /* PostWeiboViewController.xib in Resources */,
				E6857328173C949F00B4B74D /* WeiboDetailViewController.xib in Resources */,
				E6857332173CCC7000B4B74D /* RepostViewController.xib in Resources */,
				E6857337173CD64E00B4B74D /* CommentViewController.xib in Resources */,
			);
			runOnlyForDeploymentPostprocessing = 0;
		};
/* End PBXResourcesBuildPhase section */

/* Begin PBXSourcesBuildPhase section */
		E6FDFA7F1738F7B3000269F0 /* Sources */ = {
			isa = PBXSourcesBuildPhase;
			buildActionMask = 2147483647;
			files = (
				E6FDFA931738F7B3000269F0 /* main.m in Sources */,
				E6FDFA971738F7B3000269F0 /* AmakerAppDelegate.m in Sources */,
				E6FDFAA01738F7B4000269F0 /* RootViewController.m in Sources */,
				E6FDFAB61738F804000269F0 /* JSONKit.m in Sources */,
				E6FDFAB81738F804000269F0 /* SinaWeibo.m in Sources */,
				E6FDFAB91738F804000269F0 /* SinaWeiboAuthorizeView.m in Sources */,
				E6FDFABA1738F804000269F0 /* SinaWeiboRequest.m in Sources */,
				E6F05E34173A064B00672B25 /* HomeViewController.m in Sources */,
				E6F05E39173A066800672B25 /* MessageViewController.m in Sources */,
				E6F05E3E173A067D00672B25 /* FriendViewController.m in Sources */,
				E6F05E43173A06BF00672B25 /* PlaceViewController.m in Sources */,
				E6F05E48173A06DC00672B25 /* MoreViewController.m in Sources */,
				E6F05E57173A0AF800672B25 /* ImageUtil.m in Sources */,
				E6F05E5B173A1E0500672B25 /* SinaWeiboManager.m in Sources */,
				E630315A173B482900F01A4F /* ASIAuthenticationDialog.m in Sources */,
				E630315B173B482900F01A4F /* ASIDataCompressor.m in Sources */,
				E630315C173B482900F01A4F /* ASIDataDecompressor.m in Sources */,
				E630315D173B482900F01A4F /* ASIDownloadCache.m in Sources */,
				E630315E173B482900F01A4F /* ASIFormDataRequest.m in Sources */,
				E630315F173B482900F01A4F /* ASIHTTPRequest.m in Sources */,
				E6303160173B482900F01A4F /* ASIInputStream.m in Sources */,
				E6303161173B482900F01A4F /* ASINetworkQueue.m in Sources */,
				E6303162173B482900F01A4F /* Reachability.m in Sources */,
				E6303174173B8FEB00F01A4F /* PostWeiboViewController.m in Sources */,
				E6857327173C949F00B4B74D /* WeiboDetailViewController.m in Sources */,
				E685732C173C9AA300B4B74D /* SDSegmentedControl.m in Sources */,
				E6857331173CCC7000B4B74D /* RepostViewController.m in Sources */,
				E6857336173CD64E00B4B74D /* CommentViewController.m in Sources */,
				E685733B173CE0B900B4B74D /* SGInfoAlert.m in Sources */,
			);
			runOnlyForDeploymentPostprocessing = 0;
		};
/* End PBXSourcesBuildPhase section */

/* Begin PBXVariantGroup section */
		E6FDFA8F1738F7B3000269F0 /* InfoPlist.strings */ = {
			isa = PBXVariantGroup;
			children = (
				E6FDFA901738F7B3000269F0 /* en */,
			);
			name = InfoPlist.strings;
			sourceTree = "<group>";
		};
		E6FDFAA11738F7B4000269F0 /* RootViewController.xib */ = {
			isa = PBXVariantGroup;
			children = (
				E6FDFAA21738F7B4000269F0 /* en */,
			);
			name = RootViewController.xib;
			sourceTree = "<group>";
		};
/* End PBXVariantGroup section */

/* Begin XCBuildConfiguration section */
		E6FDFAA41738F7B4000269F0 /* Debug */ = {
			isa = XCBuildConfiguration;
			buildSettings = {
				ALWAYS_SEARCH_USER_PATHS = NO;
				CLANG_CXX_LANGUAGE_STANDARD = "gnu++0x";
				CLANG_CXX_LIBRARY = "libc++";
				CLANG_ENABLE_OBJC_ARC = YES;
				CLANG_WARN_CONSTANT_CONVERSION = YES;
				CLANG_WARN_EMPTY_BODY = YES;
				CLANG_WARN_ENUM_CONVERSION = YES;
				CLANG_WARN_INT_CONVERSION = YES;
				CLANG_WARN__DUPLICATE_METHOD_MATCH = YES;
				"CODE_SIGN_IDENTITY[sdk=iphoneos*]" = "iPhone Developer";
				COPY_PHASE_STRIP = NO;
				GCC_C_LANGUAGE_STANDARD = gnu99;
				GCC_DYNAMIC_NO_PIC = NO;
				GCC_OPTIMIZATION_LEVEL = 0;
				GCC_PREPROCESSOR_DEFINITIONS = (
					"DEBUG=1",
					"$(inherited)",
				);
				GCC_SYMBOLS_PRIVATE_EXTERN = NO;
				GCC_WARN_ABOUT_RETURN_TYPE = YES;
				GCC_WARN_UNINITIALIZED_AUTOS = YES;
				GCC_WARN_UNUSED_VARIABLE = YES;
				IPHONEOS_DEPLOYMENT_TARGET = 6.1;
				ONLY_ACTIVE_ARCH = YES;
				SDKROOT = iphoneos;
			};
			name = Debug;
		};
		E6FDFAA51738F7B4000269F0 /* Release */ = {
			isa = XCBuildConfiguration;
			buildSettings = {
				ALWAYS_SEARCH_USER_PATHS = NO;
				CLANG_CXX_LANGUAGE_STANDARD = "gnu++0x";
				CLANG_CXX_LIBRARY = "libc++";
				CLANG_ENABLE_OBJC_ARC = YES;
				CLANG_WARN_CONSTANT_CONVERSION = YES;
				CLANG_WARN_EMPTY_BODY = YES;
				CLANG_WARN_ENUM_CONVERSION = YES;
				CLANG_WARN_INT_CONVERSION = YES;
				CLANG_WARN__DUPLICATE_METHOD_MATCH = YES;
				"CODE_SIGN_IDENTITY[sdk=iphoneos*]" = "iPhone Developer";
				COPY_PHASE_STRIP = YES;
				GCC_C_LANGUAGE_STANDARD = gnu99;
				GCC_WARN_ABOUT_RETURN_TYPE = YES;
				GCC_WARN_UNINITIALIZED_AUTOS = YES;
				GCC_WARN_UNUSED_VARIABLE = YES;
				IPHONEOS_DEPLOYMENT_TARGET = 6.1;
				OTHER_CFLAGS = "-DNS_BLOCK_ASSERTIONS=1";
				SDKROOT = iphoneos;
				VALIDATE_PRODUCT = YES;
			};
			name = Release;
		};
		E6FDFAA71738F7B4000269F0 /* Debug */ = {
			isa = XCBuildConfiguration;
			buildSettings = {
				GCC_PRECOMPILE_PREFIX_HEADER = YES;
				GCC_PREFIX_HEADER = "chapter31-weibo/chapter31-weibo-Prefix.pch";
				INFOPLIST_FILE = "chapter31-weibo/chapter31-weibo-Info.plist";
				PRODUCT_NAME = "$(TARGET_NAME)";
				WRAPPER_EXTENSION = app;
			};
			name = Debug;
		};
		E6FDFAA81738F7B4000269F0 /* Release */ = {
			isa = XCBuildConfiguration;
			buildSettings = {
				GCC_PRECOMPILE_PREFIX_HEADER = YES;
				GCC_PREFIX_HEADER = "chapter31-weibo/chapter31-weibo-Prefix.pch";
				INFOPLIST_FILE = "chapter31-weibo/chapter31-weibo-Info.plist";
				PRODUCT_NAME = "$(TARGET_NAME)";
				WRAPPER_EXTENSION = app;
			};
			name = Release;
		};
/* End XCBuildConfiguration section */

/* Begin XCConfigurationList section */
		E6FDFA7E1738F7B3000269F0 /* Build configuration list for PBXProject "chapter31-weibo" */ = {
			isa = XCConfigurationList;
			buildConfigurations = (
				E6FDFAA41738F7B4000269F0 /* Debug */,
				E6FDFAA51738F7B4000269F0 /* Release */,
			);
			defaultConfigurationIsVisible = 0;
			defaultConfigurationName = Release;
		};
		E6FDFAA61738F7B4000269F0 /* Build configuration list for PBXNativeTarget "chapter31-weibo" */ = {
			isa = XCConfigurationList;
			buildConfigurations = (
				E6FDFAA71738F7B4000269F0 /* Debug */,
				E6FDFAA81738F7B4000269F0 /* Release */,
			);
			defaultConfigurationIsVisible = 0;
			defaultConfigurationName = Release;
		};
/* End XCConfigurationList section */
	};
	rootObject = E6FDFA7B1738F7B3000269F0 /* Project object */;
}
