// !$*UTF8*$!
{
	archiveVersion = 1;
	classes = {
	};
	objectVersion = 46;
	objects = {

/* Begin PBXBuildFile section */
		E606223417153FA200272DEB /* UIKit.framework in Frameworks */ = {isa = PBXBuildFile; fileRef = E606223317153FA200272DEB /* UIKit.framework */; };
		E606223617153FA200272DEB /* Foundation.framework in Frameworks */ = {isa = PBXBuildFile; fileRef = E606223517153FA200272DEB /* Foundation.framework */; };
		E606223817153FA200272DEB /* CoreGraphics.framework in Frameworks */ = {isa = PBXBuildFile; fileRef = E606223717153FA200272DEB /* CoreGraphics.framework */; };
		E606223E17153FA200272DEB /* InfoPlist.strings in Resources */ = {isa = PBXBuildFile; fileRef = E606223C17153FA200272DEB /* InfoPlist.strings */; };
		E606224017153FA200272DEB /* main.m in Sources */ = {isa = PBXBuildFile; fileRef = E606223F17153FA200272DEB /* main.m */; };
		E606224417153FA200272DEB /* AmakerAppDelegate.m in Sources */ = {isa = PBXBuildFile; fileRef = E606224317153FA200272DEB /* AmakerAppDelegate.m */; };
		E606224617153FA300272DEB /* Default.png in Resources */ = {isa = PBXBuildFile; fileRef = E606224517153FA300272DEB /* Default.png */; };
		E606224817153FA300272DEB /* Default@2x.png in Resources */ = {isa = PBXBuildFile; fileRef = E606224717153FA300272DEB /* Default@2x.png */; };
		E606224A17153FA300272DEB /* Default-568h@2x.png in Resources */ = {isa = PBXBuildFile; fileRef = E606224917153FA300272DEB /* Default-568h@2x.png */; };
		E606224D17153FA300272DEB /* AmakerViewController.m in Sources */ = {isa = PBXBuildFile; fileRef = E606224C17153FA300272DEB /* AmakerViewController.m */; };
		E606225017153FA300272DEB /* AmakerViewController.xib in Resources */ = {isa = PBXBuildFile; fileRef = E606224E17153FA300272DEB /* AmakerViewController.xib */; };
		E60622571715406200272DEB /* AssetsLibrary.framework in Frameworks */ = {isa = PBXBuildFile; fileRef = E60622561715406200272DEB /* AssetsLibrary.framework */; };
		E60622591715406900272DEB /* MobileCoreServices.framework in Frameworks */ = {isa = PBXBuildFile; fileRef = E60622581715406900272DEB /* MobileCoreServices.framework */; };
/* End PBXBuildFile section */

/* Begin PBXFileReference section */
		E606223017153FA200272DEB /* chapter21-09.app */ = {isa = PBXFileReference; explicitFileType = wrapper.application; includeInIndex = 0; path = "chapter21-09.app"; sourceTree = BUILT_PRODUCTS_DIR; };
		E606223317153FA200272DEB /* UIKit.framework */ = {isa = PBXFileReference; lastKnownFileType = wrapper.framework; name = UIKit.framework; path = System/Library/Frameworks/UIKit.framework; sourceTree = SDKROOT; };
		E606223517153FA200272DEB /* Foundation.framework */ = {isa = PBXFileReference; lastKnownFileType = wrapper.framework; name = Foundation.framework; path = System/Library/Frameworks/Foundation.framework; sourceTree = SDKROOT; };
		E606223717153FA200272DEB /* CoreGraphics.framework */ = {isa = PBXFileReference; lastKnownFileType = wrapper.framework; name = CoreGraphics.framework; path = System/Library/Frameworks/CoreGraphics.framework; sourceTree = SDKROOT; };
		E606223B17153FA200272DEB /* chapter21-09-Info.plist */ = {isa = PBXFileReference; lastKnownFileType = text.plist.xml; path = "chapter21-09-Info.plist"; sourceTree = "<group>"; };
		E606223D17153FA200272DEB /* en */ = {isa = PBXFileReference; lastKnownFileType = text.plist.strings; name = en; path = en.lproj/InfoPlist.strings; sourceTree = "<group>"; };
		E606223F17153FA200272DEB /* main.m */ = {isa = PBXFileReference; lastKnownFileType = sourcecode.c.objc; path = main.m; sourceTree = "<group>"; };
		E606224117153FA200272DEB /* chapter21-09-Prefix.pch */ = {isa = PBXFileReference; lastKnownFileType = sourcecode.c.h; path = "chapter21-09-Prefix.pch"; sourceTree = "<group>"; };
		E606224217153FA200272DEB /* AmakerAppDelegate.h */ = {isa = PBXFileReference; lastKnownFileType = sourcecode.c.h; path = AmakerAppDelegate.h; sourceTree = "<group>"; };
		E606224317153FA200272DEB /* AmakerAppDelegate.m */ = {isa = PBXFileReference; lastKnownFileType = sourcecode.c.objc; path = AmakerAppDelegate.m; sourceTree = "<group>"; };
		E606224517153FA300272DEB /* Default.png */ = {isa = PBXFileReference; lastKnownFileType = image.png; path = Default.png; sourceTree = "<group>"; };
		E606224717153FA300272DEB /* Default@2x.png */ = {isa = PBXFileReference; lastKnownFileType = image.png; path = "Default@2x.png"; sourceTree = "<group>"; };
		E606224917153FA300272DEB /* Default-568h@2x.png */ = {isa = PBXFileReference; lastKnownFileType = image.png; path = "Default-568h@2x.png"; sourceTree = "<group>"; };
		E606224B17153FA300272DEB /* AmakerViewController.h */ = {isa = PBXFileReference; lastKnownFileType = sourcecode.c.h; path = AmakerViewController.h; sourceTree = "<group>"; };
		E606224C17153FA300272DEB /* AmakerViewController.m */ = {isa = PBXFileReference; lastKnownFileType = sourcecode.c.objc; path = AmakerViewController.m; sourceTree = "<group>"; };
		E606224F17153FA300272DEB /* en */ = {isa = PBXFileReference; lastKnownFileType = file.xib; name = en; path = en.lproj/AmakerViewController.xib; sourceTree = "<group>"; };
		E60622561715406200272DEB /* AssetsLibrary.framework */ = {isa = PBXFileReference; lastKnownFileType = wrapper.framework; name = AssetsLibrary.framework; path = System/Library/Frameworks/AssetsLibrary.framework; sourceTree = SDKROOT; };
		E60622581715406900272DEB /* MobileCoreServices.framework */ = {isa = PBXFileReference; lastKnownFileType = wrapper.framework; name = MobileCoreServices.framework; path = System/Library/Frameworks/MobileCoreServices.framework; sourceTree = SDKROOT; };
/* End PBXFileReference section */

/* Begin PBXFrameworksBuildPhase section */
		E606222D17153FA200272DEB /* Frameworks */ = {
			isa = PBXFrameworksBuildPhase;
			buildActionMask = 2147483647;
			files = (
				E60622591715406900272DEB /* MobileCoreServices.framework in Frameworks */,
				E60622571715406200272DEB /* AssetsLibrary.framework in Frameworks */,
				E606223417153FA200272DEB /* UIKit.framework in Frameworks */,
				E606223617153FA200272DEB /* Foundation.framework in Frameworks */,
				E606223817153FA200272DEB /* CoreGraphics.framework in Frameworks */,
			);
			runOnlyForDeploymentPostprocessing = 0;
		};
/* End PBXFrameworksBuildPhase section */

/* Begin PBXGroup section */
		E606222717153FA200272DEB = {
			isa = PBXGroup;
			children = (
				E606223917153FA200272DEB /* chapter21-09 */,
				E606223217153FA200272DEB /* Frameworks */,
				E606223117153FA200272DEB /* Products */,
			);
			sourceTree = "<group>";
		};
		E606223117153FA200272DEB /* Products */ = {
			isa = PBXGroup;
			children = (
				E606223017153FA200272DEB /* chapter21-09.app */,
			);
			name = Products;
			sourceTree = "<group>";
		};
		E606223217153FA200272DEB /* Frameworks */ = {
			isa = PBXGroup;
			children = (
				E60622581715406900272DEB /* MobileCoreServices.framework */,
				E60622561715406200272DEB /* AssetsLibrary.framework */,
				E606223317153FA200272DEB /* UIKit.framework */,
				E606223517153FA200272DEB /* Foundation.framework */,
				E606223717153FA200272DEB /* CoreGraphics.framework */,
			);
			name = Frameworks;
			sourceTree = "<group>";
		};
		E606223917153FA200272DEB /* chapter21-09 */ = {
			isa = PBXGroup;
			children = (
				E606224217153FA200272DEB /* AmakerAppDelegate.h */,
				E606224317153FA200272DEB /* AmakerAppDelegate.m */,
				E606224B17153FA300272DEB /* AmakerViewController.h */,
				E606224C17153FA300272DEB /* AmakerViewController.m */,
				E606224E17153FA300272DEB /* AmakerViewController.xib */,
				E606223A17153FA200272DEB /* Supporting Files */,
			);
			path = "chapter21-09";
			sourceTree = "<group>";
		};
		E606223A17153FA200272DEB /* Supporting Files */ = {
			isa = PBXGroup;
			children = (
				E606223B17153FA200272DEB /* chapter21-09-Info.plist */,
				E606223C17153FA200272DEB /* InfoPlist.strings */,
				E606223F17153FA200272DEB /* main.m */,
				E606224117153FA200272DEB /* chapter21-09-Prefix.pch */,
				E606224517153FA300272DEB /* Default.png */,
				E606224717153FA300272DEB /* Default@2x.png */,
				E606224917153FA300272DEB /* Default-568h@2x.png */,
			);
			name = "Supporting Files";
			sourceTree = "<group>";
		};
/* End PBXGroup section */

/* Begin PBXNativeTarget section */
		E606222F17153FA200272DEB /* chapter21-09 */ = {
			isa = PBXNativeTarget;
			buildConfigurationList = E606225317153FA300272DEB /* Build configuration list for PBXNativeTarget "chapter21-09" */;
			buildPhases = (
				E606222C17153FA200272DEB /* Sources */,
				E606222D17153FA200272DEB /* Frameworks */,
				E606222E17153FA200272DEB /* Resources */,
			);
			buildRules = (
			);
			dependencies = (
			);
			name = "chapter21-09";
			productName = "chapter21-09";
			productReference = E606223017153FA200272DEB /* chapter21-09.app */;
			productType = "com.apple.product-type.application";
		};
/* End PBXNativeTarget section */

/* Begin PBXProject section */
		E606222817153FA200272DEB /* Project object */ = {
			isa = PBXProject;
			attributes = {
				CLASSPREFIX = Amaker;
				LastUpgradeCheck = 0460;
				ORGANIZATIONNAME = amaker;
			};
			buildConfigurationList = E606222B17153FA200272DEB /* Build configuration list for PBXProject "chapter21-09" */;
			compatibilityVersion = "Xcode 3.2";
			developmentRegion = English;
			hasScannedForEncodings = 0;
			knownRegions = (
				en,
			);
			mainGroup = E606222717153FA200272DEB;
			productRefGroup = E606223117153FA200272DEB /* Products */;
			projectDirPath = "";
			projectRoot = "";
			targets = (
				E606222F17153FA200272DEB /* chapter21-09 */,
			);
		};
/* End PBXProject section */

/* Begin PBXResourcesBuildPhase section */
		E606222E17153FA200272DEB /* Resources */ = {
			isa = PBXResourcesBuildPhase;
			buildActionMask = 2147483647;
			files = (
				E606223E17153FA200272DEB /* InfoPlist.strings in Resources */,
				E606224617153FA300272DEB /* Default.png in Resources */,
				E606224817153FA300272DEB /* Default@2x.png in Resources */,
				E606224A17153FA300272DEB /* Default-568h@2x.png in Resources */,
				E606225017153FA300272DEB /* AmakerViewController.xib in Resources */,
			);
			runOnlyForDeploymentPostprocessing = 0;
		};
/* End PBXResourcesBuildPhase section */

/* Begin PBXSourcesBuildPhase section */
		E606222C17153FA200272DEB /* Sources */ = {
			isa = PBXSourcesBuildPhase;
			buildActionMask = 2147483647;
			files = (
				E606224017153FA200272DEB /* main.m in Sources */,
				E606224417153FA200272DEB /* AmakerAppDelegate.m in Sources */,
				E606224D17153FA300272DEB /* AmakerViewController.m in Sources */,
			);
			runOnlyForDeploymentPostprocessing = 0;
		};
/* End PBXSourcesBuildPhase section */

/* Begin PBXVariantGroup section */
		E606223C17153FA200272DEB /* InfoPlist.strings */ = {
			isa = PBXVariantGroup;
			children = (
				E606223D17153FA200272DEB /* en */,
			);
			name = InfoPlist.strings;
			sourceTree = "<group>";
		};
		E606224E17153FA300272DEB /* AmakerViewController.xib */ = {
			isa = PBXVariantGroup;
			children = (
				E606224F17153FA300272DEB /* en */,
			);
			name = AmakerViewController.xib;
			sourceTree = "<group>";
		};
/* End PBXVariantGroup section */

/* Begin XCBuildConfiguration section */
		E606225117153FA300272DEB /* Debug */ = {
			isa = XCBuildConfiguration;
			buildSettings = {
				ALWAYS_SEARCH_USER_PATHS = NO;
				CLANG_CXX_LANGUAGE_STANDARD = "gnu++0x";
				CLANG_CXX_LIBRARY = "libc++";
				CLANG_ENABLE_OBJC_ARC = YES;
				CLANG_WARN_CONSTANT_CONVERSION = YES;
				CLANG_WARN_EMPTY_BODY = YES;
				CLANG_WARN_ENUM_CONVERSION = YES;
				CLANG_WARN_INT_CONVERSION = YES;
				CLANG_WARN__DUPLICATE_METHOD_MATCH = YES;
				"CODE_SIGN_IDENTITY[sdk=iphoneos*]" = "iPhone Developer";
				COPY_PHASE_STRIP = NO;
				GCC_C_LANGUAGE_STANDARD = gnu99;
				GCC_DYNAMIC_NO_PIC = NO;
				GCC_OPTIMIZATION_LEVEL = 0;
				GCC_PREPROCESSOR_DEFINITIONS = (
					"DEBUG=1",
					"$(inherited)",
				);
				GCC_SYMBOLS_PRIVATE_EXTERN = NO;
				GCC_WARN_ABOUT_RETURN_TYPE = YES;
				GCC_WARN_UNINITIALIZED_AUTOS = YES;
				GCC_WARN_UNUSED_VARIABLE = YES;
				IPHONEOS_DEPLOYMENT_TARGET = 6.1;
				ONLY_ACTIVE_ARCH = YES;
				SDKROOT = iphoneos;
			};
			name = Debug;
		};
		E606225217153FA300272DEB /* Release */ = {
			isa = XCBuildConfiguration;
			buildSettings = {
				ALWAYS_SEARCH_USER_PATHS = NO;
				CLANG_CXX_LANGUAGE_STANDARD = "gnu++0x";
				CLANG_CXX_LIBRARY = "libc++";
				CLANG_ENABLE_OBJC_ARC = YES;
				CLANG_WARN_CONSTANT_CONVERSION = YES;
				CLANG_WARN_EMPTY_BODY = YES;
				CLANG_WARN_ENUM_CONVERSION = YES;
				CLANG_WARN_INT_CONVERSION = YES;
				CLANG_WARN__DUPLICATE_METHOD_MATCH = YES;
				"CODE_SIGN_IDENTITY[sdk=iphoneos*]" = "iPhone Developer";
				COPY_PHASE_STRIP = YES;
				GCC_C_LANGUAGE_STANDARD = gnu99;
				GCC_WARN_ABOUT_RETURN_TYPE = YES;
				GCC_WARN_UNINITIALIZED_AUTOS = YES;
				GCC_WARN_UNUSED_VARIABLE = YES;
				IPHONEOS_DEPLOYMENT_TARGET = 6.1;
				OTHER_CFLAGS = "-DNS_BLOCK_ASSERTIONS=1";
				SDKROOT = iphoneos;
				VALIDATE_PRODUCT = YES;
			};
			name = Release;
		};
		E606225417153FA300272DEB /* Debug */ = {
			isa = XCBuildConfiguration;
			buildSettings = {
				GCC_PRECOMPILE_PREFIX_HEADER = YES;
				GCC_PREFIX_HEADER = "chapter21-09/chapter21-09-Prefix.pch";
				INFOPLIST_FILE = "chapter21-09/chapter21-09-Info.plist";
				PRODUCT_NAME = "$(TARGET_NAME)";
				WRAPPER_EXTENSION = app;
			};
			name = Debug;
		};
		E606225517153FA300272DEB /* Release */ = {
			isa = XCBuildConfiguration;
			buildSettings = {
				GCC_PRECOMPILE_PREFIX_HEADER = YES;
				GCC_PREFIX_HEADER = "chapter21-09/chapter21-09-Prefix.pch";
				INFOPLIST_FILE = "chapter21-09/chapter21-09-Info.plist";
				PRODUCT_NAME = "$(TARGET_NAME)";
				WRAPPER_EXTENSION = app;
			};
			name = Release;
		};
/* End XCBuildConfiguration section */

/* Begin XCConfigurationList section */
		E606222B17153FA200272DEB /* Build configuration list for PBXProject "chapter21-09" */ = {
			isa = XCConfigurationList;
			buildConfigurations = (
				E606225117153FA300272DEB /* Debug */,
				E606225217153FA300272DEB /* Release */,
			);
			defaultConfigurationIsVisible = 0;
			defaultConfigurationName = Release;
		};
		E606225317153FA300272DEB /* Build configuration list for PBXNativeTarget "chapter21-09" */ = {
			isa = XCConfigurationList;
			buildConfigurations = (
				E606225417153FA300272DEB /* Debug */,
				E606225517153FA300272DEB /* Release */,
			);
			defaultConfigurationIsVisible = 0;
		};
/* End XCConfigurationList section */
	};
	rootObject = E606222817153FA200272DEB /* Project object */;
}
