// !$*UTF8*$!
{
	archiveVersion = 1;
	classes = {
	};
	objectVersion = 46;
	objects = {

/* Begin PBXBuildFile section */
		E63531B217263BA100F23F54 /* UIKit.framework in Frameworks */ = {isa = PBXBuildFile; fileRef = E63531B117263BA100F23F54 /* UIKit.framework */; };
		E63531B417263BA100F23F54 /* Foundation.framework in Frameworks */ = {isa = PBXBuildFile; fileRef = E63531B317263BA100F23F54 /* Foundation.framework */; };
		E63531B617263BA100F23F54 /* CoreGraphics.framework in Frameworks */ = {isa = PBXBuildFile; fileRef = E63531B517263BA100F23F54 /* CoreGraphics.framework */; };
		E63531BC17263BA100F23F54 /* InfoPlist.strings in Resources */ = {isa = PBXBuildFile; fileRef = E63531BA17263BA100F23F54 /* InfoPlist.strings */; };
		E63531BE17263BA100F23F54 /* main.m in Sources */ = {isa = PBXBuildFile; fileRef = E63531BD17263BA100F23F54 /* main.m */; };
		E63531C217263BA100F23F54 /* AmakerAppDelegate.m in Sources */ = {isa = PBXBuildFile; fileRef = E63531C117263BA100F23F54 /* AmakerAppDelegate.m */; };
		E63531C417263BA100F23F54 /* Default.png in Resources */ = {isa = PBXBuildFile; fileRef = E63531C317263BA100F23F54 /* Default.png */; };
		E63531C617263BA100F23F54 /* Default@2x.png in Resources */ = {isa = PBXBuildFile; fileRef = E63531C517263BA100F23F54 /* Default@2x.png */; };
		E63531C817263BA100F23F54 /* Default-568h@2x.png in Resources */ = {isa = PBXBuildFile; fileRef = E63531C717263BA100F23F54 /* Default-568h@2x.png */; };
		E63531CB17263BA100F23F54 /* AmakerViewController.m in Sources */ = {isa = PBXBuildFile; fileRef = E63531CA17263BA100F23F54 /* AmakerViewController.m */; };
		E63531CE17263BA100F23F54 /* AmakerViewController.xib in Resources */ = {isa = PBXBuildFile; fileRef = E63531CC17263BA100F23F54 /* AmakerViewController.xib */; };
		E63531D617263C4100F23F54 /* MyView.m in Sources */ = {isa = PBXBuildFile; fileRef = E63531D517263C4100F23F54 /* MyView.m */; };
/* End PBXBuildFile section */

/* Begin PBXFileReference section */
		E63531AE17263BA100F23F54 /* chapter20-03.app */ = {isa = PBXFileReference; explicitFileType = wrapper.application; includeInIndex = 0; path = "chapter20-03.app"; sourceTree = BUILT_PRODUCTS_DIR; };
		E63531B117263BA100F23F54 /* UIKit.framework */ = {isa = PBXFileReference; lastKnownFileType = wrapper.framework; name = UIKit.framework; path = System/Library/Frameworks/UIKit.framework; sourceTree = SDKROOT; };
		E63531B317263BA100F23F54 /* Foundation.framework */ = {isa = PBXFileReference; lastKnownFileType = wrapper.framework; name = Foundation.framework; path = System/Library/Frameworks/Foundation.framework; sourceTree = SDKROOT; };
		E63531B517263BA100F23F54 /* CoreGraphics.framework */ = {isa = PBXFileReference; lastKnownFileType = wrapper.framework; name = CoreGraphics.framework; path = System/Library/Frameworks/CoreGraphics.framework; sourceTree = SDKROOT; };
		E63531B917263BA100F23F54 /* chapter20-03-Info.plist */ = {isa = PBXFileReference; lastKnownFileType = text.plist.xml; path = "chapter20-03-Info.plist"; sourceTree = "<group>"; };
		E63531BB17263BA100F23F54 /* en */ = {isa = PBXFileReference; lastKnownFileType = text.plist.strings; name = en; path = en.lproj/InfoPlist.strings; sourceTree = "<group>"; };
		E63531BD17263BA100F23F54 /* main.m */ = {isa = PBXFileReference; lastKnownFileType = sourcecode.c.objc; path = main.m; sourceTree = "<group>"; };
		E63531BF17263BA100F23F54 /* chapter20-03-Prefix.pch */ = {isa = PBXFileReference; lastKnownFileType = sourcecode.c.h; path = "chapter20-03-Prefix.pch"; sourceTree = "<group>"; };
		E63531C017263BA100F23F54 /* AmakerAppDelegate.h */ = {isa = PBXFileReference; lastKnownFileType = sourcecode.c.h; path = AmakerAppDelegate.h; sourceTree = "<group>"; };
		E63531C117263BA100F23F54 /* AmakerAppDelegate.m */ = {isa = PBXFileReference; lastKnownFileType = sourcecode.c.objc; path = AmakerAppDelegate.m; sourceTree = "<group>"; };
		E63531C317263BA100F23F54 /* Default.png */ = {isa = PBXFileReference; lastKnownFileType = image.png; path = Default.png; sourceTree = "<group>"; };
		E63531C517263BA100F23F54 /* Default@2x.png */ = {isa = PBXFileReference; lastKnownFileType = image.png; path = "Default@2x.png"; sourceTree = "<group>"; };
		E63531C717263BA100F23F54 /* Default-568h@2x.png */ = {isa = PBXFileReference; lastKnownFileType = image.png; path = "Default-568h@2x.png"; sourceTree = "<group>"; };
		E63531C917263BA100F23F54 /* AmakerViewController.h */ = {isa = PBXFileReference; lastKnownFileType = sourcecode.c.h; path = AmakerViewController.h; sourceTree = "<group>"; };
		E63531CA17263BA100F23F54 /* AmakerViewController.m */ = {isa = PBXFileReference; lastKnownFileType = sourcecode.c.objc; path = AmakerViewController.m; sourceTree = "<group>"; };
		E63531CD17263BA100F23F54 /* en */ = {isa = PBXFileReference; lastKnownFileType = file.xib; name = en; path = en.lproj/AmakerViewController.xib; sourceTree = "<group>"; };
		E63531D417263C4000F23F54 /* MyView.h */ = {isa = PBXFileReference; fileEncoding = 4; lastKnownFileType = sourcecode.c.h; path = MyView.h; sourceTree = "<group>"; };
		E63531D517263C4100F23F54 /* MyView.m */ = {isa = PBXFileReference; fileEncoding = 4; lastKnownFileType = sourcecode.c.objc; path = MyView.m; sourceTree = "<group>"; };
/* End PBXFileReference section */

/* Begin PBXFrameworksBuildPhase section */
		E63531AB17263BA100F23F54 /* Frameworks */ = {
			isa = PBXFrameworksBuildPhase;
			buildActionMask = 2147483647;
			files = (
				E63531B217263BA100F23F54 /* UIKit.framework in Frameworks */,
				E63531B417263BA100F23F54 /* Foundation.framework in Frameworks */,
				E63531B617263BA100F23F54 /* CoreGraphics.framework in Frameworks */,
			);
			runOnlyForDeploymentPostprocessing = 0;
		};
/* End PBXFrameworksBuildPhase section */

/* Begin PBXGroup section */
		E63531A517263BA100F23F54 = {
			isa = PBXGroup;
			children = (
				E63531B717263BA100F23F54 /* chapter20-03 */,
				E63531B017263BA100F23F54 /* Frameworks */,
				E63531AF17263BA100F23F54 /* Products */,
			);
			sourceTree = "<group>";
		};
		E63531AF17263BA100F23F54 /* Products */ = {
			isa = PBXGroup;
			children = (
				E63531AE17263BA100F23F54 /* chapter20-03.app */,
			);
			name = Products;
			sourceTree = "<group>";
		};
		E63531B017263BA100F23F54 /* Frameworks */ = {
			isa = PBXGroup;
			children = (
				E63531B117263BA100F23F54 /* UIKit.framework */,
				E63531B317263BA100F23F54 /* Foundation.framework */,
				E63531B517263BA100F23F54 /* CoreGraphics.framework */,
			);
			name = Frameworks;
			sourceTree = "<group>";
		};
		E63531B717263BA100F23F54 /* chapter20-03 */ = {
			isa = PBXGroup;
			children = (
				E63531C017263BA100F23F54 /* AmakerAppDelegate.h */,
				E63531C117263BA100F23F54 /* AmakerAppDelegate.m */,
				E63531C917263BA100F23F54 /* AmakerViewController.h */,
				E63531CA17263BA100F23F54 /* AmakerViewController.m */,
				E63531CC17263BA100F23F54 /* AmakerViewController.xib */,
				E63531B817263BA100F23F54 /* Supporting Files */,
				E63531D417263C4000F23F54 /* MyView.h */,
				E63531D517263C4100F23F54 /* MyView.m */,
			);
			path = "chapter20-03";
			sourceTree = "<group>";
		};
		E63531B817263BA100F23F54 /* Supporting Files */ = {
			isa = PBXGroup;
			children = (
				E63531B917263BA100F23F54 /* chapter20-03-Info.plist */,
				E63531BA17263BA100F23F54 /* InfoPlist.strings */,
				E63531BD17263BA100F23F54 /* main.m */,
				E63531BF17263BA100F23F54 /* chapter20-03-Prefix.pch */,
				E63531C317263BA100F23F54 /* Default.png */,
				E63531C517263BA100F23F54 /* Default@2x.png */,
				E63531C717263BA100F23F54 /* Default-568h@2x.png */,
			);
			name = "Supporting Files";
			sourceTree = "<group>";
		};
/* End PBXGroup section */

/* Begin PBXNativeTarget section */
		E63531AD17263BA100F23F54 /* chapter20-03 */ = {
			isa = PBXNativeTarget;
			buildConfigurationList = E63531D117263BA100F23F54 /* Build configuration list for PBXNativeTarget "chapter20-03" */;
			buildPhases = (
				E63531AA17263BA100F23F54 /* Sources */,
				E63531AB17263BA100F23F54 /* Frameworks */,
				E63531AC17263BA100F23F54 /* Resources */,
			);
			buildRules = (
			);
			dependencies = (
			);
			name = "chapter20-03";
			productName = "chapter20-03";
			productReference = E63531AE17263BA100F23F54 /* chapter20-03.app */;
			productType = "com.apple.product-type.application";
		};
/* End PBXNativeTarget section */

/* Begin PBXProject section */
		E63531A617263BA100F23F54 /* Project object */ = {
			isa = PBXProject;
			attributes = {
				CLASSPREFIX = Amaker;
				LastUpgradeCheck = 0460;
				ORGANIZATIONNAME = amaker;
			};
			buildConfigurationList = E63531A917263BA100F23F54 /* Build configuration list for PBXProject "chapter20-03" */;
			compatibilityVersion = "Xcode 3.2";
			developmentRegion = English;
			hasScannedForEncodings = 0;
			knownRegions = (
				en,
			);
			mainGroup = E63531A517263BA100F23F54;
			productRefGroup = E63531AF17263BA100F23F54 /* Products */;
			projectDirPath = "";
			projectRoot = "";
			targets = (
				E63531AD17263BA100F23F54 /* chapter20-03 */,
			);
		};
/* End PBXProject section */

/* Begin PBXResourcesBuildPhase section */
		E63531AC17263BA100F23F54 /* Resources */ = {
			isa = PBXResourcesBuildPhase;
			buildActionMask = 2147483647;
			files = (
				E63531BC17263BA100F23F54 /* InfoPlist.strings in Resources */,
				E63531C417263BA100F23F54 /* Default.png in Resources */,
				E63531C617263BA100F23F54 /* Default@2x.png in Resources */,
				E63531C817263BA100F23F54 /* Default-568h@2x.png in Resources */,
				E63531CE17263BA100F23F54 /* AmakerViewController.xib in Resources */,
			);
			runOnlyForDeploymentPostprocessing = 0;
		};
/* End PBXResourcesBuildPhase section */

/* Begin PBXSourcesBuildPhase section */
		E63531AA17263BA100F23F54 /* Sources */ = {
			isa = PBXSourcesBuildPhase;
			buildActionMask = 2147483647;
			files = (
				E63531BE17263BA100F23F54 /* main.m in Sources */,
				E63531C217263BA100F23F54 /* AmakerAppDelegate.m in Sources */,
				E63531CB17263BA100F23F54 /* AmakerViewController.m in Sources */,
				E63531D617263C4100F23F54 /* MyView.m in Sources */,
			);
			runOnlyForDeploymentPostprocessing = 0;
		};
/* End PBXSourcesBuildPhase section */

/* Begin PBXVariantGroup section */
		E63531BA17263BA100F23F54 /* InfoPlist.strings */ = {
			isa = PBXVariantGroup;
			children = (
				E63531BB17263BA100F23F54 /* en */,
			);
			name = InfoPlist.strings;
			sourceTree = "<group>";
		};
		E63531CC17263BA100F23F54 /* AmakerViewController.xib */ = {
			isa = PBXVariantGroup;
			children = (
				E63531CD17263BA100F23F54 /* en */,
			);
			name = AmakerViewController.xib;
			sourceTree = "<group>";
		};
/* End PBXVariantGroup section */

/* Begin XCBuildConfiguration section */
		E63531CF17263BA100F23F54 /* Debug */ = {
			isa = XCBuildConfiguration;
			buildSettings = {
				ALWAYS_SEARCH_USER_PATHS = NO;
				CLANG_CXX_LANGUAGE_STANDARD = "gnu++0x";
				CLANG_CXX_LIBRARY = "libc++";
				CLANG_ENABLE_OBJC_ARC = YES;
				CLANG_WARN_CONSTANT_CONVERSION = YES;
				CLANG_WARN_EMPTY_BODY = YES;
				CLANG_WARN_ENUM_CONVERSION = YES;
				CLANG_WARN_INT_CONVERSION = YES;
				CLANG_WARN__DUPLICATE_METHOD_MATCH = YES;
				"CODE_SIGN_IDENTITY[sdk=iphoneos*]" = "iPhone Developer";
				COPY_PHASE_STRIP = NO;
				GCC_C_LANGUAGE_STANDARD = gnu99;
				GCC_DYNAMIC_NO_PIC = NO;
				GCC_OPTIMIZATION_LEVEL = 0;
				GCC_PREPROCESSOR_DEFINITIONS = (
					"DEBUG=1",
					"$(inherited)",
				);
				GCC_SYMBOLS_PRIVATE_EXTERN = NO;
				GCC_WARN_ABOUT_RETURN_TYPE = YES;
				GCC_WARN_UNINITIALIZED_AUTOS = YES;
				GCC_WARN_UNUSED_VARIABLE = YES;
				IPHONEOS_DEPLOYMENT_TARGET = 6.1;
				ONLY_ACTIVE_ARCH = YES;
				SDKROOT = iphoneos;
			};
			name = Debug;
		};
		E63531D017263BA100F23F54 /* Release */ = {
			isa = XCBuildConfiguration;
			buildSettings = {
				ALWAYS_SEARCH_USER_PATHS = NO;
				CLANG_CXX_LANGUAGE_STANDARD = "gnu++0x";
				CLANG_CXX_LIBRARY = "libc++";
				CLANG_ENABLE_OBJC_ARC = YES;
				CLANG_WARN_CONSTANT_CONVERSION = YES;
				CLANG_WARN_EMPTY_BODY = YES;
				CLANG_WARN_ENUM_CONVERSION = YES;
				CLANG_WARN_INT_CONVERSION = YES;
				CLANG_WARN__DUPLICATE_METHOD_MATCH = YES;
				"CODE_SIGN_IDENTITY[sdk=iphoneos*]" = "iPhone Developer";
				COPY_PHASE_STRIP = YES;
				GCC_C_LANGUAGE_STANDARD = gnu99;
				GCC_WARN_ABOUT_RETURN_TYPE = YES;
				GCC_WARN_UNINITIALIZED_AUTOS = YES;
				GCC_WARN_UNUSED_VARIABLE = YES;
				IPHONEOS_DEPLOYMENT_TARGET = 6.1;
				OTHER_CFLAGS = "-DNS_BLOCK_ASSERTIONS=1";
				SDKROOT = iphoneos;
				VALIDATE_PRODUCT = YES;
			};
			name = Release;
		};
		E63531D217263BA100F23F54 /* Debug */ = {
			isa = XCBuildConfiguration;
			buildSettings = {
				GCC_PRECOMPILE_PREFIX_HEADER = YES;
				GCC_PREFIX_HEADER = "chapter20-03/chapter20-03-Prefix.pch";
				INFOPLIST_FILE = "chapter20-03/chapter20-03-Info.plist";
				PRODUCT_NAME = "$(TARGET_NAME)";
				WRAPPER_EXTENSION = app;
			};
			name = Debug;
		};
		E63531D317263BA100F23F54 /* Release */ = {
			isa = XCBuildConfiguration;
			buildSettings = {
				GCC_PRECOMPILE_PREFIX_HEADER = YES;
				GCC_PREFIX_HEADER = "chapter20-03/chapter20-03-Prefix.pch";
				INFOPLIST_FILE = "chapter20-03/chapter20-03-Info.plist";
				PRODUCT_NAME = "$(TARGET_NAME)";
				WRAPPER_EXTENSION = app;
			};
			name = Release;
		};
/* End XCBuildConfiguration section */

/* Begin XCConfigurationList section */
		E63531A917263BA100F23F54 /* Build configuration list for PBXProject "chapter20-03" */ = {
			isa = XCConfigurationList;
			buildConfigurations = (
				E63531CF17263BA100F23F54 /* Debug */,
				E63531D017263BA100F23F54 /* Release */,
			);
			defaultConfigurationIsVisible = 0;
			defaultConfigurationName = Release;
		};
		E63531D117263BA100F23F54 /* Build configuration list for PBXNativeTarget "chapter20-03" */ = {
			isa = XCConfigurationList;
			buildConfigurations = (
				E63531D217263BA100F23F54 /* Debug */,
				E63531D317263BA100F23F54 /* Release */,
			);
			defaultConfigurationIsVisible = 0;
		};
/* End XCConfigurationList section */
	};
	rootObject = E63531A617263BA100F23F54 /* Project object */;
}
