// !$*UTF8*$!
{
	archiveVersion = 1;
	classes = {
	};
	objectVersion = 46;
	objects = {

/* Begin PBXBuildFile section */
		E6265C5F163F820900CFD722 /* Default-568h@2x.png in Resources */ = {isa = PBXBuildFile; fileRef = E6265C5E163F820900CFD722 /* Default-568h@2x.png */; };
		E6265C62163F82CA00CFD722 /* test.mp3 in Resources */ = {isa = PBXBuildFile; fileRef = E6265C61163F82CA00CFD722 /* test.mp3 */; };
		E682DEC51640CD81002F3306 /* AVFoundation.framework in Frameworks */ = {isa = PBXBuildFile; fileRef = F28697B8163CC7A200DE98BC /* AVFoundation.framework */; };
		F286979E163CC65A00DE98BC /* UIKit.framework in Frameworks */ = {isa = PBXBuildFile; fileRef = F286979D163CC65A00DE98BC /* UIKit.framework */; };
		F28697A0163CC65A00DE98BC /* Foundation.framework in Frameworks */ = {isa = PBXBuildFile; fileRef = F286979F163CC65A00DE98BC /* Foundation.framework */; };
		F28697A6163CC65A00DE98BC /* InfoPlist.strings in Resources */ = {isa = PBXBuildFile; fileRef = F28697A4163CC65A00DE98BC /* InfoPlist.strings */; };
		F28697A8163CC65A00DE98BC /* main.m in Sources */ = {isa = PBXBuildFile; fileRef = F28697A7163CC65A00DE98BC /* main.m */; };
		F28697AC163CC65A00DE98BC /* AmakerAppDelegate.m in Sources */ = {isa = PBXBuildFile; fileRef = F28697AB163CC65A00DE98BC /* AmakerAppDelegate.m */; };
		F28697AF163CC65A00DE98BC /* AmakerViewController.m in Sources */ = {isa = PBXBuildFile; fileRef = F28697AE163CC65A00DE98BC /* AmakerViewController.m */; };
		F28697B2163CC65A00DE98BC /* AmakerViewController.xib in Resources */ = {isa = PBXBuildFile; fileRef = F28697B0163CC65A00DE98BC /* AmakerViewController.xib */; };
/* End PBXBuildFile section */

/* Begin PBXFileReference section */
		E6265C5E163F820900CFD722 /* Default-568h@2x.png */ = {isa = PBXFileReference; lastKnownFileType = image.png; name = "Default-568h@2x.png"; path = "../Default-568h@2x.png"; sourceTree = "<group>"; };
		E6265C61163F82CA00CFD722 /* test.mp3 */ = {isa = PBXFileReference; lastKnownFileType = audio.mp3; path = test.mp3; sourceTree = "<group>"; };
		F2869799163CC65A00DE98BC /* chapter21-03.app */ = {isa = PBXFileReference; explicitFileType = wrapper.application; includeInIndex = 0; path = "chapter21-03.app"; sourceTree = BUILT_PRODUCTS_DIR; };
		F286979D163CC65A00DE98BC /* UIKit.framework */ = {isa = PBXFileReference; lastKnownFileType = wrapper.framework; name = UIKit.framework; path = System/Library/Frameworks/UIKit.framework; sourceTree = SDKROOT; };
		F286979F163CC65A00DE98BC /* Foundation.framework */ = {isa = PBXFileReference; lastKnownFileType = wrapper.framework; name = Foundation.framework; path = System/Library/Frameworks/Foundation.framework; sourceTree = SDKROOT; };
		F28697A3163CC65A00DE98BC /* chapter21-03-Info.plist */ = {isa = PBXFileReference; lastKnownFileType = text.plist.xml; path = "chapter21-03-Info.plist"; sourceTree = "<group>"; };
		F28697A5163CC65A00DE98BC /* en */ = {isa = PBXFileReference; lastKnownFileType = text.plist.strings; name = en; path = en.lproj/InfoPlist.strings; sourceTree = "<group>"; };
		F28697A7163CC65A00DE98BC /* main.m */ = {isa = PBXFileReference; lastKnownFileType = sourcecode.c.objc; path = main.m; sourceTree = "<group>"; };
		F28697A9163CC65A00DE98BC /* chapter21-03-Prefix.pch */ = {isa = PBXFileReference; lastKnownFileType = sourcecode.c.h; path = "chapter21-03-Prefix.pch"; sourceTree = "<group>"; };
		F28697AA163CC65A00DE98BC /* AmakerAppDelegate.h */ = {isa = PBXFileReference; lastKnownFileType = sourcecode.c.h; path = AmakerAppDelegate.h; sourceTree = "<group>"; };
		F28697AB163CC65A00DE98BC /* AmakerAppDelegate.m */ = {isa = PBXFileReference; lastKnownFileType = sourcecode.c.objc; path = AmakerAppDelegate.m; sourceTree = "<group>"; };
		F28697AD163CC65A00DE98BC /* AmakerViewController.h */ = {isa = PBXFileReference; lastKnownFileType = sourcecode.c.h; path = AmakerViewController.h; sourceTree = "<group>"; };
		F28697AE163CC65A00DE98BC /* AmakerViewController.m */ = {isa = PBXFileReference; lastKnownFileType = sourcecode.c.objc; path = AmakerViewController.m; sourceTree = "<group>"; };
		F28697B1163CC65A00DE98BC /* en */ = {isa = PBXFileReference; lastKnownFileType = file.xib; name = en; path = en.lproj/AmakerViewController.xib; sourceTree = "<group>"; };
		F28697B8163CC7A200DE98BC /* AVFoundation.framework */ = {isa = PBXFileReference; lastKnownFileType = wrapper.framework; name = AVFoundation.framework; path = System/Library/Frameworks/AVFoundation.framework; sourceTree = SDKROOT; };
/* End PBXFileReference section */

/* Begin PBXFrameworksBuildPhase section */
		F2869796163CC65A00DE98BC /* Frameworks */ = {
			isa = PBXFrameworksBuildPhase;
			buildActionMask = 2147483647;
			files = (
				E682DEC51640CD81002F3306 /* AVFoundation.framework in Frameworks */,
				F286979E163CC65A00DE98BC /* UIKit.framework in Frameworks */,
				F28697A0163CC65A00DE98BC /* Foundation.framework in Frameworks */,
			);
			runOnlyForDeploymentPostprocessing = 0;
		};
/* End PBXFrameworksBuildPhase section */

/* Begin PBXGroup section */
		F286978E163CC65A00DE98BC = {
			isa = PBXGroup;
			children = (
				F28697A1163CC65A00DE98BC /* classes */,
				F286979A163CC65A00DE98BC /* Products */,
				F286979C163CC65A00DE98BC /* Frameworks */,
			);
			sourceTree = "<group>";
		};
		F286979A163CC65A00DE98BC /* Products */ = {
			isa = PBXGroup;
			children = (
				F2869799163CC65A00DE98BC /* chapter21-03.app */,
			);
			name = Products;
			sourceTree = "<group>";
		};
		F286979C163CC65A00DE98BC /* Frameworks */ = {
			isa = PBXGroup;
			children = (
				F28697B8163CC7A200DE98BC /* AVFoundation.framework */,
				F286979D163CC65A00DE98BC /* UIKit.framework */,
				F286979F163CC65A00DE98BC /* Foundation.framework */,
			);
			name = Frameworks;
			sourceTree = "<group>";
		};
		F28697A1163CC65A00DE98BC /* classes */ = {
			isa = PBXGroup;
			children = (
				F28697AA163CC65A00DE98BC /* AmakerAppDelegate.h */,
				F28697AB163CC65A00DE98BC /* AmakerAppDelegate.m */,
				F28697AD163CC65A00DE98BC /* AmakerViewController.h */,
				F28697AE163CC65A00DE98BC /* AmakerViewController.m */,
				F28697B0163CC65A00DE98BC /* AmakerViewController.xib */,
				F28697A2163CC65A00DE98BC /* Supporting Files */,
			);
			name = classes;
			path = MultiMedia_Audio;
			sourceTree = "<group>";
		};
		F28697A2163CC65A00DE98BC /* Supporting Files */ = {
			isa = PBXGroup;
			children = (
				E6265C5E163F820900CFD722 /* Default-568h@2x.png */,
				E6265C61163F82CA00CFD722 /* test.mp3 */,
				F28697A3163CC65A00DE98BC /* chapter21-03-Info.plist */,
				F28697A4163CC65A00DE98BC /* InfoPlist.strings */,
				F28697A7163CC65A00DE98BC /* main.m */,
				F28697A9163CC65A00DE98BC /* chapter21-03-Prefix.pch */,
			);
			name = "Supporting Files";
			sourceTree = "<group>";
		};
/* End PBXGroup section */

/* Begin PBXNativeTarget section */
		F2869798163CC65A00DE98BC /* chapter21-03 */ = {
			isa = PBXNativeTarget;
			buildConfigurationList = F28697B5163CC65A00DE98BC /* Build configuration list for PBXNativeTarget "chapter21-03" */;
			buildPhases = (
				F2869795163CC65A00DE98BC /* Sources */,
				F2869796163CC65A00DE98BC /* Frameworks */,
				F2869797163CC65A00DE98BC /* Resources */,
			);
			buildRules = (
			);
			dependencies = (
			);
			name = "chapter21-03";
			productName = MultiMedia_Audio;
			productReference = F2869799163CC65A00DE98BC /* chapter21-03.app */;
			productType = "com.apple.product-type.application";
		};
/* End PBXNativeTarget section */

/* Begin PBXProject section */
		F2869790163CC65A00DE98BC /* Project object */ = {
			isa = PBXProject;
			attributes = {
				LastUpgradeCheck = 0420;
			};
			buildConfigurationList = F2869793163CC65A00DE98BC /* Build configuration list for PBXProject "chapter21-03" */;
			compatibilityVersion = "Xcode 3.2";
			developmentRegion = English;
			hasScannedForEncodings = 0;
			knownRegions = (
				en,
			);
			mainGroup = F286978E163CC65A00DE98BC;
			productRefGroup = F286979A163CC65A00DE98BC /* Products */;
			projectDirPath = "";
			projectRoot = "";
			targets = (
				F2869798163CC65A00DE98BC /* chapter21-03 */,
			);
		};
/* End PBXProject section */

/* Begin PBXResourcesBuildPhase section */
		F2869797163CC65A00DE98BC /* Resources */ = {
			isa = PBXResourcesBuildPhase;
			buildActionMask = 2147483647;
			files = (
				F28697A6163CC65A00DE98BC /* InfoPlist.strings in Resources */,
				F28697B2163CC65A00DE98BC /* AmakerViewController.xib in Resources */,
				E6265C5F163F820900CFD722 /* Default-568h@2x.png in Resources */,
				E6265C62163F82CA00CFD722 /* test.mp3 in Resources */,
			);
			runOnlyForDeploymentPostprocessing = 0;
		};
/* End PBXResourcesBuildPhase section */

/* Begin PBXSourcesBuildPhase section */
		F2869795163CC65A00DE98BC /* Sources */ = {
			isa = PBXSourcesBuildPhase;
			buildActionMask = 2147483647;
			files = (
				F28697A8163CC65A00DE98BC /* main.m in Sources */,
				F28697AC163CC65A00DE98BC /* AmakerAppDelegate.m in Sources */,
				F28697AF163CC65A00DE98BC /* AmakerViewController.m in Sources */,
			);
			runOnlyForDeploymentPostprocessing = 0;
		};
/* End PBXSourcesBuildPhase section */

/* Begin PBXVariantGroup section */
		F28697A4163CC65A00DE98BC /* InfoPlist.strings */ = {
			isa = PBXVariantGroup;
			children = (
				F28697A5163CC65A00DE98BC /* en */,
			);
			name = InfoPlist.strings;
			sourceTree = "<group>";
		};
		F28697B0163CC65A00DE98BC /* AmakerViewController.xib */ = {
			isa = PBXVariantGroup;
			children = (
				F28697B1163CC65A00DE98BC /* en */,
			);
			name = AmakerViewController.xib;
			sourceTree = "<group>";
		};
/* End PBXVariantGroup section */

/* Begin XCBuildConfiguration section */
		F28697B3163CC65A00DE98BC /* Debug */ = {
			isa = XCBuildConfiguration;
			buildSettings = {
				ALWAYS_SEARCH_USER_PATHS = NO;
				ARCHS = "$(ARCHS_STANDARD_32_BIT)";
				CLANG_ENABLE_OBJC_ARC = YES;
				"CODE_SIGN_IDENTITY[sdk=iphoneos*]" = "iPhone Developer";
				COPY_PHASE_STRIP = NO;
				GCC_C_LANGUAGE_STANDARD = gnu99;
				GCC_DYNAMIC_NO_PIC = NO;
				GCC_OPTIMIZATION_LEVEL = 0;
				GCC_PREPROCESSOR_DEFINITIONS = (
					"DEBUG=1",
					"$(inherited)",
				);
				GCC_SYMBOLS_PRIVATE_EXTERN = NO;
				GCC_VERSION = com.apple.compilers.llvm.clang.1_0;
				GCC_WARN_ABOUT_MISSING_PROTOTYPES = YES;
				GCC_WARN_ABOUT_RETURN_TYPE = YES;
				GCC_WARN_UNUSED_VARIABLE = YES;
				IPHONEOS_DEPLOYMENT_TARGET = 5.0;
				SDKROOT = iphoneos;
			};
			name = Debug;
		};
		F28697B4163CC65A00DE98BC /* Release */ = {
			isa = XCBuildConfiguration;
			buildSettings = {
				ALWAYS_SEARCH_USER_PATHS = NO;
				ARCHS = "$(ARCHS_STANDARD_32_BIT)";
				CLANG_ENABLE_OBJC_ARC = YES;
				"CODE_SIGN_IDENTITY[sdk=iphoneos*]" = "iPhone Developer";
				COPY_PHASE_STRIP = YES;
				GCC_C_LANGUAGE_STANDARD = gnu99;
				GCC_VERSION = com.apple.compilers.llvm.clang.1_0;
				GCC_WARN_ABOUT_MISSING_PROTOTYPES = YES;
				GCC_WARN_ABOUT_RETURN_TYPE = YES;
				GCC_WARN_UNUSED_VARIABLE = YES;
				IPHONEOS_DEPLOYMENT_TARGET = 5.0;
				OTHER_CFLAGS = "-DNS_BLOCK_ASSERTIONS=1";
				SDKROOT = iphoneos;
				VALIDATE_PRODUCT = YES;
			};
			name = Release;
		};
		F28697B6163CC65A00DE98BC /* Debug */ = {
			isa = XCBuildConfiguration;
			buildSettings = {
				GCC_PRECOMPILE_PREFIX_HEADER = YES;
				GCC_PREFIX_HEADER = "MultiMedia_Audio/chapter21-03-Prefix.pch";
				INFOPLIST_FILE = "MultiMedia_Audio/chapter21-03-Info.plist";
				PRODUCT_NAME = "chapter21-03";
				WRAPPER_EXTENSION = app;
			};
			name = Debug;
		};
		F28697B7163CC65A00DE98BC /* Release */ = {
			isa = XCBuildConfiguration;
			buildSettings = {
				GCC_PRECOMPILE_PREFIX_HEADER = YES;
				GCC_PREFIX_HEADER = "MultiMedia_Audio/chapter21-03-Prefix.pch";
				INFOPLIST_FILE = "MultiMedia_Audio/chapter21-03-Info.plist";
				PRODUCT_NAME = "chapter21-03";
				WRAPPER_EXTENSION = app;
			};
			name = Release;
		};
/* End XCBuildConfiguration section */

/* Begin XCConfigurationList section */
		F2869793163CC65A00DE98BC /* Build configuration list for PBXProject "chapter21-03" */ = {
			isa = XCConfigurationList;
			buildConfigurations = (
				F28697B3163CC65A00DE98BC /* Debug */,
				F28697B4163CC65A00DE98BC /* Release */,
			);
			defaultConfigurationIsVisible = 0;
			defaultConfigurationName = Release;
		};
		F28697B5163CC65A00DE98BC /* Build configuration list for PBXNativeTarget "chapter21-03" */ = {
			isa = XCConfigurationList;
			buildConfigurations = (
				F28697B6163CC65A00DE98BC /* Debug */,
				F28697B7163CC65A00DE98BC /* Release */,
			);
			defaultConfigurationIsVisible = 0;
			defaultConfigurationName = Release;
		};
/* End XCConfigurationList section */
	};
	rootObject = F2869790163CC65A00DE98BC /* Project object */;
}
